// !$*UTF8*$!
{
	archiveVersion = 1;
	classes = {
	};
	objectVersion = 56;
	objects = {

/* Begin PBXBuildFile section */
		2B294DA028F790F800F76609 /* Movie.swift in Sources */ = {isa = PBXBuildFile; fileRef = 2B294D9F28F790F800F76609 /* Movie.swift */; };
		2B294DA228F7918200F76609 /* APIViewModel.swift in Sources */ = {isa = PBXBuildFile; fileRef = 2B294DA128F7918200F76609 /* APIViewModel.swift */; };
		2B59CFD228F76D93000DE884 /* Color+Extensions.swift in Sources */ = {isa = PBXBuildFile; fileRef = 2B59CFD128F76D93000DE884 /* Color+Extensions.swift */; };
		2B59CFD528F77086000DE884 /* Income.swift in Sources */ = {isa = PBXBuildFile; fileRef = 2B59CFD428F77086000DE884 /* Income.swift */; };
		2B7AE53428F353E200B09959 /* SwiftUI_BaseHelperApp.swift in Sources */ = {isa = PBXBuildFile; fileRef = 2B7AE53328F353E200B09959 /* SwiftUI_BaseHelperApp.swift */; };
		2B7AE53628F353E200B09959 /* MainView.swift in Sources */ = {isa = PBXBuildFile; fileRef = 2B7AE53528F353E200B09959 /* MainView.swift */; };
		2B7AE53828F353E300B09959 /* Assets.xcassets in Resources */ = {isa = PBXBuildFile; fileRef = 2B7AE53728F353E300B09959 /* Assets.xcassets */; };
		2B7AE53B28F353E300B09959 /* Preview Assets.xcassets in Resources */ = {isa = PBXBuildFile; fileRef = 2B7AE53A28F353E300B09959 /* Preview Assets.xcassets */; };
		2B7AE54228F3549E00B09959 /* BaseView.swift in Sources */ = {isa = PBXBuildFile; fileRef = 2B7AE54128F3549E00B09959 /* BaseView.swift */; };
		2B7AE54428F354AA00B09959 /* APIView.swift in Sources */ = {isa = PBXBuildFile; fileRef = 2B7AE54328F354AA00B09959 /* APIView.swift */; };
		2B7AE54628F355EC00B09959 /* SectionButton.swift in Sources */ = {isa = PBXBuildFile; fileRef = 2B7AE54528F355EC00B09959 /* SectionButton.swift */; };
		2B7AE54D28F3598500B09959 /* LabelView.swift in Sources */ = {isa = PBXBuildFile; fileRef = 2B7AE54C28F3598500B09959 /* LabelView.swift */; };
		2B7AE54F28F35C5800B09959 /* TextFieldView.swift in Sources */ = {isa = PBXBuildFile; fileRef = 2B7AE54E28F35C5800B09959 /* TextFieldView.swift */; };
		2B7AE55128F35D2700B09959 /* ActionAndSelectableView.swift in Sources */ = {isa = PBXBuildFile; fileRef = 2B7AE55028F35D2700B09959 /* ActionAndSelectableView.swift */; };
		2B7AE55328F35E2900B09959 /* ChartsView.swift in Sources */ = {isa = PBXBuildFile; fileRef = 2B7AE55228F35E2900B09959 /* ChartsView.swift */; };
		2B7AE55528F35E3800B09959 /* ViewModifiersView.swift in Sources */ = {isa = PBXBuildFile; fileRef = 2B7AE55428F35E3800B09959 /* ViewModifiersView.swift */; };
		2BFF774828F3901F00936E01 /* View+Extensions.swift in Sources */ = {isa = PBXBuildFile; fileRef = 2BFF774728F3901F00936E01 /* View+Extensions.swift */; };
		2BFF776528F47D8900936E01 /* ViewModifiers.swift in Sources */ = {isa = PBXBuildFile; fileRef = 2BFF776428F47D8900936E01 /* ViewModifiers.swift */; };
/* End PBXBuildFile section */

/* Begin PBXFileReference section */
		2B294D9F28F790F800F76609 /* Movie.swift */ = {isa = PBXFileReference; lastKnownFileType = sourcecode.swift; path = Movie.swift; sourceTree = "<group>"; };
		2B294DA128F7918200F76609 /* APIViewModel.swift */ = {isa = PBXFileReference; lastKnownFileType = sourcecode.swift; path = APIViewModel.swift; sourceTree = "<group>"; };
		2B294DA328F7922D00F76609 /* Config.xcconfig */ = {isa = PBXFileReference; lastKnownFileType = text.xcconfig; path = Config.xcconfig; sourceTree = "<group>"; };
		2B59CFD128F76D93000DE884 /* Color+Extensions.swift */ = {isa = PBXFileReference; lastKnownFileType = sourcecode.swift; path = "Color+Extensions.swift"; sourceTree = "<group>"; };
		2B59CFD428F77086000DE884 /* Income.swift */ = {isa = PBXFileReference; lastKnownFileType = sourcecode.swift; path = Income.swift; sourceTree = "<group>"; };
		2B7AE53028F353E200B09959 /* SwiftUI BaseHelper.app */ = {isa = PBXFileReference; explicitFileType = wrapper.application; includeInIndex = 0; path = "SwiftUI BaseHelper.app"; sourceTree = BUILT_PRODUCTS_DIR; };
		2B7AE53328F353E200B09959 /* SwiftUI_BaseHelperApp.swift */ = {isa = PBXFileReference; lastKnownFileType = sourcecode.swift; path = SwiftUI_BaseHelperApp.swift; sourceTree = "<group>"; };
		2B7AE53528F353E200B09959 /* MainView.swift */ = {isa = PBXFileReference; lastKnownFileType = sourcecode.swift; path = MainView.swift; sourceTree = "<group>"; };
		2B7AE53728F353E300B09959 /* Assets.xcassets */ = {isa = PBXFileReference; lastKnownFileType = folder.assetcatalog; path = Assets.xcassets; sourceTree = "<group>"; };
		2B7AE53A28F353E300B09959 /* Preview Assets.xcassets */ = {isa = PBXFileReference; lastKnownFileType = folder.assetcatalog; path = "Preview Assets.xcassets"; sourceTree = "<group>"; };
		2B7AE54128F3549E00B09959 /* BaseView.swift */ = {isa = PBXFileReference; lastKnownFileType = sourcecode.swift; path = BaseView.swift; sourceTree = "<group>"; };
		2B7AE54328F354AA00B09959 /* APIView.swift */ = {isa = PBXFileReference; lastKnownFileType = sourcecode.swift; path = APIView.swift; sourceTree = "<group>"; };
		2B7AE54528F355EC00B09959 /* SectionButton.swift */ = {isa = PBXFileReference; lastKnownFileType = sourcecode.swift; path = SectionButton.swift; sourceTree = "<group>"; };
		2B7AE54C28F3598500B09959 /* LabelView.swift */ = {isa = PBXFileReference; lastKnownFileType = sourcecode.swift; path = LabelView.swift; sourceTree = "<group>"; };
		2B7AE54E28F35C5800B09959 /* TextFieldView.swift */ = {isa = PBXFileReference; lastKnownFileType = sourcecode.swift; path = TextFieldView.swift; sourceTree = "<group>"; };
		2B7AE55028F35D2700B09959 /* ActionAndSelectableView.swift */ = {isa = PBXFileReference; lastKnownFileType = sourcecode.swift; path = ActionAndSelectableView.swift; sourceTree = "<group>"; };
		2B7AE55228F35E2900B09959 /* ChartsView.swift */ = {isa = PBXFileReference; lastKnownFileType = sourcecode.swift; path = ChartsView.swift; sourceTree = "<group>"; };
		2B7AE55428F35E3800B09959 /* ViewModifiersView.swift */ = {isa = PBXFileReference; lastKnownFileType = sourcecode.swift; path = ViewModifiersView.swift; sourceTree = "<group>"; };
		2BFF774728F3901F00936E01 /* View+Extensions.swift */ = {isa = PBXFileReference; lastKnownFileType = sourcecode.swift; path = "View+Extensions.swift"; sourceTree = "<group>"; };
		2BFF776428F47D8900936E01 /* ViewModifiers.swift */ = {isa = PBXFileReference; lastKnownFileType = sourcecode.swift; path = ViewModifiers.swift; sourceTree = "<group>"; };
/* End PBXFileReference section */

/* Begin PBXFrameworksBuildPhase section */
		2B7AE52D28F353E200B09959 /* Frameworks */ = {
			isa = PBXFrameworksBuildPhase;
			buildActionMask = 2147483647;
			files = (
			);
			runOnlyForDeploymentPostprocessing = 0;
		};
/* End PBXFrameworksBuildPhase section */

/* Begin PBXGroup section */
		2B294DA528F7967000F76609 /* Config */ = {
			isa = PBXGroup;
			children = (
				2B294DA328F7922D00F76609 /* Config.xcconfig */,
			);
			path = Config;
			sourceTree = "<group>";
		};
		2B59CFD328F76FCA000DE884 /* Model */ = {
			isa = PBXGroup;
			children = (
				2B59CFD428F77086000DE884 /* Income.swift */,
				2B294D9F28F790F800F76609 /* Movie.swift */,
			);
			path = Model;
			sourceTree = "<group>";
		};
		2B59CFD628F77228000DE884 /* Core */ = {
			isa = PBXGroup;
			children = (
				2B294DA528F7967000F76609 /* Config */,
				2B7AE53328F353E200B09959 /* SwiftUI_BaseHelperApp.swift */,
				2B7AE53728F353E300B09959 /* Assets.xcassets */,
				2B7AE54728F3581900B09959 /* Components */,
				2BFF774928F3902500936E01 /* Extensions */,
				2BFF776628F47DA100936E01 /* ViewModifiers */,
			);
			path = Core;
			sourceTree = "<group>";
		};
		2B59CFD728F77271000DE884 /* Views */ = {
			isa = PBXGroup;
			children = (
				2B7AE53528F353E200B09959 /* MainView.swift */,
				2B7AE54828F3583500B09959 /* TabBar */,
			);
			path = Views;
			sourceTree = "<group>";
		};
		2B7AE52728F353E200B09959 = {
			isa = PBXGroup;
			children = (
				2B7AE53228F353E200B09959 /* SwiftUI BaseHelper */,
				2B7AE53128F353E200B09959 /* Products */,
			);
			sourceTree = "<group>";
		};
		2B7AE53128F353E200B09959 /* Products */ = {
			isa = PBXGroup;
			children = (
				2B7AE53028F353E200B09959 /* SwiftUI BaseHelper.app */,
			);
			name = Products;
			sourceTree = "<group>";
		};
		2B7AE53228F353E200B09959 /* SwiftUI BaseHelper */ = {
			isa = PBXGroup;
			children = (
				2B59CFD628F77228000DE884 /* Core */,
				2B59CFD328F76FCA000DE884 /* Model */,
				2B59CFD728F77271000DE884 /* Views */,
				2B7AE53928F353E300B09959 /* Preview Content */,
			);
			path = "SwiftUI BaseHelper";
			sourceTree = "<group>";
		};
		2B7AE53928F353E300B09959 /* Preview Content */ = {
			isa = PBXGroup;
			children = (
				2B7AE53A28F353E300B09959 /* Preview Assets.xcassets */,
			);
			path = "Preview Content";
			sourceTree = "<group>";
		};
		2B7AE54728F3581900B09959 /* Components */ = {
			isa = PBXGroup;
			children = (
				2B7AE54528F355EC00B09959 /* SectionButton.swift */,
			);
			path = Components;
			sourceTree = "<group>";
		};
		2B7AE54828F3583500B09959 /* TabBar */ = {
			isa = PBXGroup;
			children = (
				2B7AE54928F3584600B09959 /* BaseView */,
				2B7AE54A28F3585500B09959 /* APIView */,
			);
			path = TabBar;
			sourceTree = "<group>";
		};
		2B7AE54928F3584600B09959 /* BaseView */ = {
			isa = PBXGroup;
			children = (
				2B7AE54128F3549E00B09959 /* BaseView.swift */,
				2B7AE54B28F3597600B09959 /* Sections */,
			);
			path = BaseView;
			sourceTree = "<group>";
		};
		2B7AE54A28F3585500B09959 /* APIView */ = {
			isa = PBXGroup;
			children = (
				2B7AE54328F354AA00B09959 /* APIView.swift */,
				2B294DA128F7918200F76609 /* APIViewModel.swift */,
			);
			path = APIView;
			sourceTree = "<group>";
		};
		2B7AE54B28F3597600B09959 /* Sections */ = {
			isa = PBXGroup;
			children = (
				2B7AE54C28F3598500B09959 /* LabelView.swift */,
				2B7AE54E28F35C5800B09959 /* TextFieldView.swift */,
				2B7AE55028F35D2700B09959 /* ActionAndSelectableView.swift */,
				2B7AE55228F35E2900B09959 /* ChartsView.swift */,
				2B7AE55428F35E3800B09959 /* ViewModifiersView.swift */,
			);
			path = Sections;
			sourceTree = "<group>";
		};
		2BFF774928F3902500936E01 /* Extensions */ = {
			isa = PBXGroup;
			children = (
				2BFF774728F3901F00936E01 /* View+Extensions.swift */,
				2B59CFD128F76D93000DE884 /* Color+Extensions.swift */,
			);
			path = Extensions;
			sourceTree = "<group>";
		};
		2BFF776628F47DA100936E01 /* ViewModifiers */ = {
			isa = PBXGroup;
			children = (
				2BFF776428F47D8900936E01 /* ViewModifiers.swift */,
			);
			path = ViewModifiers;
			sourceTree = "<group>";
		};
/* End PBXGroup section */

/* Begin PBXNativeTarget section */
		2B7AE52F28F353E200B09959 /* SwiftUI BaseHelper */ = {
			isa = PBXNativeTarget;
			buildConfigurationList = 2B7AE53E28F353E300B09959 /* Build configuration list for PBXNativeTarget "SwiftUI BaseHelper" */;
			buildPhases = (
				2B7AE52C28F353E200B09959 /* Sources */,
				2B7AE52D28F353E200B09959 /* Frameworks */,
				2B7AE52E28F353E200B09959 /* Resources */,
			);
			buildRules = (
			);
			dependencies = (
			);
			name = "SwiftUI BaseHelper";
			productName = "SwiftUI BaseHelper";
			productReference = 2B7AE53028F353E200B09959 /* SwiftUI BaseHelper.app */;
			productType = "com.apple.product-type.application";
		};
/* End PBXNativeTarget section */

/* Begin PBXProject section */
		2B7AE52828F353E200B09959 /* Project object */ = {
			isa = PBXProject;
			attributes = {
				BuildIndependentTargetsInParallel = 1;
				LastSwiftUpdateCheck = 1400;
				LastUpgradeCheck = 1400;
				TargetAttributes = {
					2B7AE52F28F353E200B09959 = {
						CreatedOnToolsVersion = 14.0.1;
					};
				};
			};
			buildConfigurationList = 2B7AE52B28F353E200B09959 /* Build configuration list for PBXProject "SwiftUI BaseHelper" */;
			compatibilityVersion = "Xcode 14.0";
			developmentRegion = en;
			hasScannedForEncodings = 0;
			knownRegions = (
				en,
				Base,
			);
			mainGroup = 2B7AE52728F353E200B09959;
			productRefGroup = 2B7AE53128F353E200B09959 /* Products */;
			projectDirPath = "";
			projectRoot = "";
			targets = (
				2B7AE52F28F353E200B09959 /* SwiftUI BaseHelper */,
			);
		};
/* End PBXProject section */

/* Begin PBXResourcesBuildPhase section */
		2B7AE52E28F353E200B09959 /* Resources */ = {
			isa = PBXResourcesBuildPhase;
			buildActionMask = 2147483647;
			files = (
				2B7AE53B28F353E300B09959 /* Preview Assets.xcassets in Resources */,
				2B7AE53828F353E300B09959 /* Assets.xcassets in Resources */,
			);
			runOnlyForDeploymentPostprocessing = 0;
		};
/* End PBXResourcesBuildPhase section */

/* Begin PBXSourcesBuildPhase section */
		2B7AE52C28F353E200B09959 /* Sources */ = {
			isa = PBXSourcesBuildPhase;
			buildActionMask = 2147483647;
			files = (
				2B59CFD528F77086000DE884 /* Income.swift in Sources */,
				2B7AE54228F3549E00B09959 /* BaseView.swift in Sources */,
				2B7AE54F28F35C5800B09959 /* TextFieldView.swift in Sources */,
				2B294DA228F7918200F76609 /* APIViewModel.swift in Sources */,
				2BFF774828F3901F00936E01 /* View+Extensions.swift in Sources */,
				2BFF776528F47D8900936E01 /* ViewModifiers.swift in Sources */,
				2B294DA028F790F800F76609 /* Movie.swift in Sources */,
				2B7AE55128F35D2700B09959 /* ActionAndSelectableView.swift in Sources */,
				2B7AE54628F355EC00B09959 /* SectionButton.swift in Sources */,
				2B7AE54428F354AA00B09959 /* APIView.swift in Sources */,
				2B59CFD228F76D93000DE884 /* Color+Extensions.swift in Sources */,
				2B7AE55528F35E3800B09959 /* ViewModifiersView.swift in Sources */,
				2B7AE53628F353E200B09959 /* MainView.swift in Sources */,
				2B7AE53428F353E200B09959 /* SwiftUI_BaseHelperApp.swift in Sources */,
				2B7AE54D28F3598500B09959 /* LabelView.swift in Sources */,
				2B7AE55328F35E2900B09959 /* ChartsView.swift in Sources */,
			);
			runOnlyForDeploymentPostprocessing = 0;
		};
/* End PBXSourcesBuildPhase section */

/* Begin XCBuildConfiguration section */
		2B7AE53C28F353E300B09959 /* Debug */ = {
			isa = XCBuildConfiguration;
			buildSettings = {
				ALWAYS_SEARCH_USER_PATHS = NO;
				CLANG_ANALYZER_NONNULL = YES;
				CLANG_ANALYZER_NUMBER_OBJECT_CONVERSION = YES_AGGRESSIVE;
				CLANG_CXX_LANGUAGE_STANDARD = "gnu++20";
				CLANG_ENABLE_MODULES = YES;
				CLANG_ENABLE_OBJC_ARC = YES;
				CLANG_ENABLE_OBJC_WEAK = YES;
				CLANG_WARN_BLOCK_CAPTURE_AUTORELEASING = YES;
				CLANG_WARN_BOOL_CONVERSION = YES;
				CLANG_WARN_COMMA = YES;
				CLANG_WARN_CONSTANT_CONVERSION = YES;
				CLANG_WARN_DEPRECATED_OBJC_IMPLEMENTATIONS = YES;
				CLANG_WARN_DIRECT_OBJC_ISA_USAGE = YES_ERROR;
				CLANG_WARN_DOCUMENTATION_COMMENTS = YES;
				CLANG_WARN_EMPTY_BODY = YES;
				CLANG_WARN_ENUM_CONVERSION = YES;
				CLANG_WARN_INFINITE_RECURSION = YES;
				CLANG_WARN_INT_CONVERSION = YES;
				CLANG_WARN_NON_LITERAL_NULL_CONVERSION = YES;
				CLANG_WARN_OBJC_IMPLICIT_RETAIN_SELF = YES;
				CLANG_WARN_OBJC_LITERAL_CONVERSION = YES;
				CLANG_WARN_OBJC_ROOT_CLASS = YES_ERROR;
				CLANG_WARN_QUOTED_INCLUDE_IN_FRAMEWORK_HEADER = YES;
				CLANG_WARN_RANGE_LOOP_ANALYSIS = YES;
				CLANG_WARN_STRICT_PROTOTYPES = YES;
				CLANG_WARN_SUSPICIOUS_MOVE = YES;
				CLANG_WARN_UNGUARDED_AVAILABILITY = YES_AGGRESSIVE;
				CLANG_WARN_UNREACHABLE_CODE = YES;
				CLANG_WARN__DUPLICATE_METHOD_MATCH = YES;
				COPY_PHASE_STRIP = NO;
				DEBUG_INFORMATION_FORMAT = dwarf;
				ENABLE_STRICT_OBJC_MSGSEND = YES;
				ENABLE_TESTABILITY = YES;
				GCC_C_LANGUAGE_STANDARD = gnu11;
				GCC_DYNAMIC_NO_PIC = NO;
				GCC_NO_COMMON_BLOCKS = YES;
				GCC_OPTIMIZATION_LEVEL = 0;
				GCC_PREPROCESSOR_DEFINITIONS = (
					"DEBUG=1",
					"$(inherited)",
				);
				GCC_WARN_64_TO_32_BIT_CONVERSION = YES;
				GCC_WARN_ABOUT_RETURN_TYPE = YES_ERROR;
				GCC_WARN_UNDECLARED_SELECTOR = YES;
				GCC_WARN_UNINITIALIZED_AUTOS = YES_AGGRESSIVE;
				GCC_WARN_UNUSED_FUNCTION = YES;
				GCC_WARN_UNUSED_VARIABLE = YES;
				IPHONEOS_DEPLOYMENT_TARGET = 16.0;
				MTL_ENABLE_DEBUG_INFO = INCLUDE_SOURCE;
				MTL_FAST_MATH = YES;
				ONLY_ACTIVE_ARCH = YES;
				SDKROOT = iphoneos;
				SWIFT_ACTIVE_COMPILATION_CONDITIONS = DEBUG;
				SWIFT_OPTIMIZATION_LEVEL = "-Onone";
			};
			name = Debug;
		};
		2B7AE53D28F353E300B09959 /* Release */ = {
			isa = XCBuildConfiguration;
			buildSettings = {
				ALWAYS_SEARCH_USER_PATHS = NO;
				CLANG_ANALYZER_NONNULL = YES;
				CLANG_ANALYZER_NUMBER_OBJECT_CONVERSION = YES_AGGRESSIVE;
				CLANG_CXX_LANGUAGE_STANDARD = "gnu++20";
				CLANG_ENABLE_MODULES = YES;
				CLANG_ENABLE_OBJC_ARC = YES;
				CLANG_ENABLE_OBJC_WEAK = YES;
				CLANG_WARN_BLOCK_CAPTURE_AUTORELEASING = YES;
				CLANG_WARN_BOOL_CONVERSION = YES;
				CLANG_WARN_COMMA = YES;
				CLANG_WARN_CONSTANT_CONVERSION = YES;
				CLANG_WARN_DEPRECATED_OBJC_IMPLEMENTATIONS = YES;
				CLANG_WARN_DIRECT_OBJC_ISA_USAGE = YES_ERROR;
				CLANG_WARN_DOCUMENTATION_COMMENTS = YES;
				CLANG_WARN_EMPTY_BODY = YES;
				CLANG_WARN_ENUM_CONVERSION = YES;
				CLANG_WARN_INFINITE_RECURSION = YES;
				CLANG_WARN_INT_CONVERSION = YES;
				CLANG_WARN_NON_LITERAL_NULL_CONVERSION = YES;
				CLANG_WARN_OBJC_IMPLICIT_RETAIN_SELF = YES;
				CLANG_WARN_OBJC_LITERAL_CONVERSION = YES;
				CLANG_WARN_OBJC_ROOT_CLASS = YES_ERROR;
				CLANG_WARN_QUOTED_INCLUDE_IN_FRAMEWORK_HEADER = YES;
				CLANG_WARN_RANGE_LOOP_ANALYSIS = YES;
				CLANG_WARN_STRICT_PROTOTYPES = YES;
				CLANG_WARN_SUSPICIOUS_MOVE = YES;
				CLANG_WARN_UNGUARDED_AVAILABILITY = YES_AGGRESSIVE;
				CLANG_WARN_UNREACHABLE_CODE = YES;
				CLANG_WARN__DUPLICATE_METHOD_MATCH = YES;
				COPY_PHASE_STRIP = NO;
				DEBUG_INFORMATION_FORMAT = "dwarf-with-dsym";
				ENABLE_NS_ASSERTIONS = NO;
				ENABLE_STRICT_OBJC_MSGSEND = YES;
				GCC_C_LANGUAGE_STANDARD = gnu11;
				GCC_NO_COMMON_BLOCKS = YES;
				GCC_WARN_64_TO_32_BIT_CONVERSION = YES;
				GCC_WARN_ABOUT_RETURN_TYPE = YES_ERROR;
				GCC_WARN_UNDECLARED_SELECTOR = YES;
				GCC_WARN_UNINITIALIZED_AUTOS = YES_AGGRESSIVE;
				GCC_WARN_UNUSED_FUNCTION = YES;
				GCC_WARN_UNUSED_VARIABLE = YES;
				IPHONEOS_DEPLOYMENT_TARGET = 16.0;
				MTL_ENABLE_DEBUG_INFO = NO;
				MTL_FAST_MATH = YES;
				SDKROOT = iphoneos;
				SWIFT_COMPILATION_MODE = wholemodule;
				SWIFT_OPTIMIZATION_LEVEL = "-O";
				VALIDATE_PRODUCT = YES;
			};
			name = Release;
		};
		2B7AE53F28F353E300B09959 /* Debug */ = {
			isa = XCBuildConfiguration;
			baseConfigurationReference = 2B294DA328F7922D00F76609 /* Config.xcconfig */;
			buildSettings = {
				ASSETCATALOG_COMPILER_APPICON_NAME = AppIcon;
				ASSETCATALOG_COMPILER_GLOBAL_ACCENT_COLOR_NAME = AccentColor;
				CODE_SIGN_STYLE = Automatic;
				CURRENT_PROJECT_VERSION = 1;
				DEVELOPMENT_ASSET_PATHS = "\"SwiftUI BaseHelper/Preview Content\"";
				DEVELOPMENT_TEAM = CFF4MPQ8FV;
				ENABLE_PREVIEWS = YES;
				GENERATE_INFOPLIST_FILE = YES;
				INFOPLIST_FILE = "SwiftUI-BaseHelper-Info.plist";
				INFOPLIST_KEY_LSApplicationCategoryType = "";
				INFOPLIST_KEY_UIApplicationSceneManifest_Generation = YES;
				INFOPLIST_KEY_UIApplicationSupportsIndirectInputEvents = YES;
				INFOPLIST_KEY_UILaunchScreen_Generation = YES;
				INFOPLIST_KEY_UISupportedInterfaceOrientations_iPad = "UIInterfaceOrientationPortrait UIInterfaceOrientationPortraitUpsideDown UIInterfaceOrientationLandscapeLeft UIInterfaceOrientationLandscapeRight";
				INFOPLIST_KEY_UISupportedInterfaceOrientations_iPhone = "UIInterfaceOrientationPortrait UIInterfaceOrientationLandscapeLeft UIInterfaceOrientationLandscapeRight";
				LD_RUNPATH_SEARCH_PATHS = (
					"$(inherited)",
					"@executable_path/Frameworks",
				);
				MARKETING_VERSION = 1.0;
				PRODUCT_BUNDLE_IDENTIFIER = "Okido.SwiftUI-BaseHelper";
				PRODUCT_NAME = "$(TARGET_NAME)";
				SWIFT_EMIT_LOC_STRINGS = YES;
				SWIFT_VERSION = 5.0;
				TARGETED_DEVICE_FAMILY = "1,2";
			};
			name = Debug;
		};
		2B7AE54028F353E300B09959 /* Release */ = {
			isa = XCBuildConfiguration;
			baseConfigurationReference = 2B294DA328F7922D00F76609 /* Config.xcconfig */;
			buildSettings = {
				ASSETCATALOG_COMPILER_APPICON_NAME = AppIcon;
				ASSETCATALOG_COMPILER_GLOBAL_ACCENT_COLOR_NAME = AccentColor;
				CODE_SIGN_STYLE = Automatic;
				CURRENT_PROJECT_VERSION = 1;
				DEVELOPMENT_ASSET_PATHS = "\"SwiftUI BaseHelper/Preview Content\"";
				DEVELOPMENT_TEAM = CFF4MPQ8FV;
				ENABLE_PREVIEWS = YES;
				GENERATE_INFOPLIST_FILE = YES;
				INFOPLIST_FILE = "SwiftUI-BaseHelper-Info.plist";
				INFOPLIST_KEY_LSApplicationCategoryType = "";
				INFOPLIST_KEY_UIApplicationSceneManifest_Generation = YES;
				INFOPLIST_KEY_UIApplicationSupportsIndirectInputEvents = YES;
				INFOPLIST_KEY_UILaunchScreen_Generation = YES;
				INFOPLIST_KEY_UISupportedInterfaceOrientations_iPad = "UIInterfaceOrientationPortrait UIInterfaceOrientationPortraitUpsideDown UIInterfaceOrientationLandscapeLeft UIInterfaceOrientationLandscapeRight";
				INFOPLIST_KEY_UISupportedInterfaceOrientations_iPhone = "UIInterfaceOrientationPortrait UIInterfaceOrientationLandscapeLeft UIInterfaceOrientationLandscapeRight";
				LD_RUNPATH_SEARCH_PATHS = (
					"$(inherited)",
					"@executable_path/Frameworks",
				);
				MARKETING_VERSION = 1.0;
				PRODUCT_BUNDLE_IDENTIFIER = "Okido.SwiftUI-BaseHelper";
				PRODUCT_NAME = "$(TARGET_NAME)";
				SWIFT_EMIT_LOC_STRINGS = YES;
				SWIFT_VERSION = 5.0;
				TARGETED_DEVICE_FAMILY = "1,2";
			};
			name = Release;
		};
/* End XCBuildConfiguration section */

/* Begin XCConfigurationList section */
		2B7AE52B28F353E200B09959 /* Build configuration list for PBXProject "SwiftUI BaseHelper" */ = {
			isa = XCConfigurationList;
			buildConfigurations = (
				2B7AE53C28F353E300B09959 /* Debug */,
				2B7AE53D28F353E300B09959 /* Release */,
			);
			defaultConfigurationIsVisible = 0;
			defaultConfigurationName = Release;
		};
		2B7AE53E28F353E300B09959 /* Build configuration list for PBXNativeTarget "SwiftUI BaseHelper" */ = {
			isa = XCConfigurationList;
			buildConfigurations = (
				2B7AE53F28F353E300B09959 /* Debug */,
				2B7AE54028F353E300B09959 /* Release */,
			);
			defaultConfigurationIsVisible = 0;
			defaultConfigurationName = Release;
		};
/* End XCConfigurationList section */
	};
	rootObject = 2B7AE52828F353E200B09959 /* Project object */;
}
