// !$*UTF8*$!
{
	archiveVersion = 1;
	classes = {
	};
	objectVersion = 70;
	objects = {

/* Begin PBXBuildFile section */
		2B7321642BA1C6A5007EB026 /* TestMovieFactory.swift in Sources */ = {isa = PBXBuildFile; fileRef = 2B7321632BA1C6A5007EB026 /* TestMovieFactory.swift */; };
		2B7321672BA1C9F8007EB026 /* XCTestCase+Extensions.swift in Sources */ = {isa = PBXBuildFile; fileRef = 2B7321662BA1C9F8007EB026 /* XCTestCase+Extensions.swift */; };
		2B7321692BA1D484007EB026 /* NetworkMock.swift in Sources */ = {isa = PBXBuildFile; fileRef = 2B7321682BA1D484007EB026 /* NetworkMock.swift */; };
		2B73216E2BA22933007EB026 /* MockMovieDBRepository.swift in Sources */ = {isa = PBXBuildFile; fileRef = 2B73216D2BA22933007EB026 /* MockMovieDBRepository.swift */; };
		2B7AE53428F353E200B09959 /* SwiftUI_BaseHelperApp.swift in Sources */ = {isa = PBXBuildFile; fileRef = 2B7AE53328F353E200B09959 /* SwiftUI_BaseHelperApp.swift */; };
		2B8E8FED2BA09FBD0079F8B2 /* DesignSystem in Frameworks */ = {isa = PBXBuildFile; productRef = 2B8E8FEC2BA09FBD0079F8B2 /* DesignSystem */; };
		2B8E902D2BA0EC600079F8B2 /* MovieDBRepositoryTests.swift in Sources */ = {isa = PBXBuildFile; fileRef = 2B8E902C2BA0EC600079F8B2 /* MovieDBRepositoryTests.swift */; };
		2B927CA62B98B8B9000EA840 /* Environment.swift in Sources */ = {isa = PBXBuildFile; fileRef = 2B927CA52B98B8B9000EA840 /* Environment.swift */; };
		2B927CA82B98B8C4000EA840 /* EnvironmentProtocol.swift in Sources */ = {isa = PBXBuildFile; fileRef = 2B927CA72B98B8C4000EA840 /* EnvironmentProtocol.swift */; };
		2B927CB42B98D370000EA840 /* AppDependencies.swift in Sources */ = {isa = PBXBuildFile; fileRef = 2B927CB32B98D370000EA840 /* AppDependencies.swift */; };
		2B98C3632902CB85001BCBEC /* WidgetKit.framework in Frameworks */ = {isa = PBXBuildFile; fileRef = 2B98C3622902CB85001BCBEC /* WidgetKit.framework */; };
		2B98C3652902CB85001BCBEC /* SwiftUI.framework in Frameworks */ = {isa = PBXBuildFile; fileRef = 2B98C3642902CB85001BCBEC /* SwiftUI.framework */; };
		2B98C3682902CB85001BCBEC /* SimpleLockScreenWidget.swift in Sources */ = {isa = PBXBuildFile; fileRef = 2B98C3672902CB85001BCBEC /* SimpleLockScreenWidget.swift */; };
		2B98C36A2902CB86001BCBEC /* Assets.xcassets in Resources */ = {isa = PBXBuildFile; fileRef = 2B98C3692902CB86001BCBEC /* Assets.xcassets */; };
		2B98C36E2902CB86001BCBEC /* SimpleLockScreenWidgetExtension.appex in Embed Foundation Extensions */ = {isa = PBXBuildFile; fileRef = 2B98C3602902CB85001BCBEC /* SimpleLockScreenWidgetExtension.appex */; settings = {ATTRIBUTES = (RemoveHeadersOnCopy, ); }; };
		2BC74F152E16ECD40033321F /* Config.xcconfig in Resources */ = {isa = PBXBuildFile; fileRef = 2BC74F142E16ECD40033321F /* Config.xcconfig */; };
		2BC74F172E16ED900033321F /* Config_temp.xcconfig in Resources */ = {isa = PBXBuildFile; fileRef = 2BC74F162E16ED900033321F /* Config_temp.xcconfig */; };
/* End PBXBuildFile section */

/* Begin PBXContainerItemProxy section */
		2B8E902E2BA0EC600079F8B2 /* PBXContainerItemProxy */ = {
			isa = PBXContainerItemProxy;
			containerPortal = 2B7AE52828F353E200B09959 /* Project object */;
			proxyType = 1;
			remoteGlobalIDString = 2B7AE52F28F353E200B09959;
			remoteInfo = "SwiftUI BaseHelper";
		};
		2B98C36C2902CB86001BCBEC /* PBXContainerItemProxy */ = {
			isa = PBXContainerItemProxy;
			containerPortal = 2B7AE52828F353E200B09959 /* Project object */;
			proxyType = 1;
			remoteGlobalIDString = 2B98C35F2902CB85001BCBEC;
			remoteInfo = SimpleLockScreenWidgetExtension;
		};
/* End PBXContainerItemProxy section */

/* Begin PBXCopyFilesBuildPhase section */
		2B98C36F2902CB86001BCBEC /* Embed Foundation Extensions */ = {
			isa = PBXCopyFilesBuildPhase;
			buildActionMask = 2147483647;
			dstPath = "";
			dstSubfolderSpec = 13;
			files = (
				2B98C36E2902CB86001BCBEC /* SimpleLockScreenWidgetExtension.appex in Embed Foundation Extensions */,
			);
			name = "Embed Foundation Extensions";
			runOnlyForDeploymentPostprocessing = 0;
		};
/* End PBXCopyFilesBuildPhase section */

/* Begin PBXFileReference section */
		2B7321632BA1C6A5007EB026 /* TestMovieFactory.swift */ = {isa = PBXFileReference; lastKnownFileType = sourcecode.swift; path = TestMovieFactory.swift; sourceTree = "<group>"; };
		2B7321662BA1C9F8007EB026 /* XCTestCase+Extensions.swift */ = {isa = PBXFileReference; lastKnownFileType = sourcecode.swift; path = "XCTestCase+Extensions.swift"; sourceTree = "<group>"; };
		2B7321682BA1D484007EB026 /* NetworkMock.swift */ = {isa = PBXFileReference; lastKnownFileType = sourcecode.swift; path = NetworkMock.swift; sourceTree = "<group>"; };
		2B73216D2BA22933007EB026 /* MockMovieDBRepository.swift */ = {isa = PBXFileReference; lastKnownFileType = sourcecode.swift; path = MockMovieDBRepository.swift; sourceTree = "<group>"; };
		2B7AE53028F353E200B09959 /* SwiftUI BaseHelper.app */ = {isa = PBXFileReference; explicitFileType = wrapper.application; includeInIndex = 0; path = "SwiftUI BaseHelper.app"; sourceTree = BUILT_PRODUCTS_DIR; };
		2B7AE53328F353E200B09959 /* SwiftUI_BaseHelperApp.swift */ = {isa = PBXFileReference; lastKnownFileType = sourcecode.swift; path = SwiftUI_BaseHelperApp.swift; sourceTree = "<group>"; };
		2B8E8FEA2BA09F600079F8B2 /* DesignSystem */ = {isa = PBXFileReference; lastKnownFileType = wrapper; path = DesignSystem; sourceTree = "<group>"; };
		2B8E902A2BA0EC600079F8B2 /* SwiftUI BaseHelperTests.xctest */ = {isa = PBXFileReference; explicitFileType = wrapper.cfbundle; includeInIndex = 0; path = "SwiftUI BaseHelperTests.xctest"; sourceTree = BUILT_PRODUCTS_DIR; };
		2B8E902C2BA0EC600079F8B2 /* MovieDBRepositoryTests.swift */ = {isa = PBXFileReference; lastKnownFileType = sourcecode.swift; path = MovieDBRepositoryTests.swift; sourceTree = "<group>"; };
		2B927CA52B98B8B9000EA840 /* Environment.swift */ = {isa = PBXFileReference; lastKnownFileType = sourcecode.swift; path = Environment.swift; sourceTree = "<group>"; };
		2B927CA72B98B8C4000EA840 /* EnvironmentProtocol.swift */ = {isa = PBXFileReference; lastKnownFileType = sourcecode.swift; path = EnvironmentProtocol.swift; sourceTree = "<group>"; };
		2B927CB32B98D370000EA840 /* AppDependencies.swift */ = {isa = PBXFileReference; lastKnownFileType = sourcecode.swift; path = AppDependencies.swift; sourceTree = "<group>"; };
		2B98C3602902CB85001BCBEC /* SimpleLockScreenWidgetExtension.appex */ = {isa = PBXFileReference; explicitFileType = "wrapper.app-extension"; includeInIndex = 0; path = SimpleLockScreenWidgetExtension.appex; sourceTree = BUILT_PRODUCTS_DIR; };
		2B98C3622902CB85001BCBEC /* WidgetKit.framework */ = {isa = PBXFileReference; lastKnownFileType = wrapper.framework; name = WidgetKit.framework; path = System/Library/Frameworks/WidgetKit.framework; sourceTree = SDKROOT; };
		2B98C3642902CB85001BCBEC /* SwiftUI.framework */ = {isa = PBXFileReference; lastKnownFileType = wrapper.framework; name = SwiftUI.framework; path = System/Library/Frameworks/SwiftUI.framework; sourceTree = SDKROOT; };
		2B98C3672902CB85001BCBEC /* SimpleLockScreenWidget.swift */ = {isa = PBXFileReference; lastKnownFileType = sourcecode.swift; path = SimpleLockScreenWidget.swift; sourceTree = "<group>"; };
		2B98C3692902CB86001BCBEC /* Assets.xcassets */ = {isa = PBXFileReference; lastKnownFileType = folder.assetcatalog; path = Assets.xcassets; sourceTree = "<group>"; };
		2B98C36B2902CB86001BCBEC /* Info.plist */ = {isa = PBXFileReference; lastKnownFileType = text.plist.xml; path = Info.plist; sourceTree = "<group>"; };
		2BB3EFA22900961400E31F94 /* SwiftUI-BaseHelper-Info.plist */ = {isa = PBXFileReference; fileEncoding = 4; lastKnownFileType = text.plist.xml; name = "SwiftUI-BaseHelper-Info.plist"; path = "SwiftUI BaseHelper/App/SwiftUI-BaseHelper-Info.plist"; sourceTree = SOURCE_ROOT; };
		2BC74F142E16ECD40033321F /* Config.xcconfig */ = {isa = PBXFileReference; lastKnownFileType = text.xcconfig; path = Config.xcconfig; sourceTree = "<group>"; };
		2BC74F162E16ED900033321F /* Config_temp.xcconfig */ = {isa = PBXFileReference; lastKnownFileType = text.xcconfig; path = Config_temp.xcconfig; sourceTree = "<group>"; };
/* End PBXFileReference section */

/* Begin PBXFileSystemSynchronizedRootGroup section */
		2B92448F2DCA59950039266F /* Core */ = {isa = PBXFileSystemSynchronizedRootGroup; explicitFileTypes = {}; explicitFolders = (); path = Core; sourceTree = "<group>"; };
		2B9244F42DCA59C70039266F /* Domain */ = {isa = PBXFileSystemSynchronizedRootGroup; explicitFileTypes = {}; explicitFolders = (); path = Domain; sourceTree = "<group>"; };
		2B9245022DCA59E20039266F /* Data */ = {isa = PBXFileSystemSynchronizedRootGroup; explicitFileTypes = {}; explicitFolders = (); path = Data; sourceTree = "<group>"; };
		2B9245272DCA59E50039266F /* Views */ = {isa = PBXFileSystemSynchronizedRootGroup; explicitFileTypes = {}; explicitFolders = (); path = Views; sourceTree = "<group>"; };
		2B9245402DCA59E80039266F /* Preview Content */ = {isa = PBXFileSystemSynchronizedRootGroup; explicitFileTypes = {}; explicitFolders = (); path = "Preview Content"; sourceTree = "<group>"; };
/* End PBXFileSystemSynchronizedRootGroup section */

/* Begin PBXFrameworksBuildPhase section */
		2B7AE52D28F353E200B09959 /* Frameworks */ = {
			isa = PBXFrameworksBuildPhase;
			buildActionMask = 2147483647;
			files = (
				2B8E8FED2BA09FBD0079F8B2 /* DesignSystem in Frameworks */,
			);
			runOnlyForDeploymentPostprocessing = 0;
		};
		2B8E90272BA0EC600079F8B2 /* Frameworks */ = {
			isa = PBXFrameworksBuildPhase;
			buildActionMask = 2147483647;
			files = (
			);
			runOnlyForDeploymentPostprocessing = 0;
		};
		2B98C35D2902CB85001BCBEC /* Frameworks */ = {
			isa = PBXFrameworksBuildPhase;
			buildActionMask = 2147483647;
			files = (
				2B98C3652902CB85001BCBEC /* SwiftUI.framework in Frameworks */,
				2B98C3632902CB85001BCBEC /* WidgetKit.framework in Frameworks */,
			);
			runOnlyForDeploymentPostprocessing = 0;
		};
/* End PBXFrameworksBuildPhase section */

/* Begin PBXGroup section */
		2B294DA528F7967000F76609 /* Config */ = {
			isa = PBXGroup;
			children = (
				2BC74F142E16ECD40033321F /* Config.xcconfig */,
				2BC74F162E16ED900033321F /* Config_temp.xcconfig */,
			);
			path = Config;
			sourceTree = "<group>";
		};
		2B370F6428FD9433000F4824 /* App */ = {
			isa = PBXGroup;
			children = (
				2B294DA528F7967000F76609 /* Config */,
				2B927CA42B98B8AF000EA840 /* Environment */,
				2BB3EFA22900961400E31F94 /* SwiftUI-BaseHelper-Info.plist */,
				2B7AE53328F353E200B09959 /* SwiftUI_BaseHelperApp.swift */,
				2B927CB32B98D370000EA840 /* AppDependencies.swift */,
			);
			path = App;
			sourceTree = "<group>";
		};
		2B7321602BA1C66B007EB026 /* RepositoriesTests */ = {
			isa = PBXGroup;
			children = (
				2B8E902C2BA0EC600079F8B2 /* MovieDBRepositoryTests.swift */,
			);
			path = RepositoriesTests;
			sourceTree = "<group>";
		};
		2B7321612BA1C689007EB026 /* Helpers */ = {
			isa = PBXGroup;
			children = (
				2B73216A2BA22882007EB026 /* Mocks */,
				2B7321652BA1C9DA007EB026 /* Extensions */,
				2B7321622BA1C691007EB026 /* Factories */,
			);
			path = Helpers;
			sourceTree = "<group>";
		};
		2B7321622BA1C691007EB026 /* Factories */ = {
			isa = PBXGroup;
			children = (
				2B7321632BA1C6A5007EB026 /* TestMovieFactory.swift */,
			);
			path = Factories;
			sourceTree = "<group>";
		};
		2B7321652BA1C9DA007EB026 /* Extensions */ = {
			isa = PBXGroup;
			children = (
				2B7321662BA1C9F8007EB026 /* XCTestCase+Extensions.swift */,
			);
			path = Extensions;
			sourceTree = "<group>";
		};
		2B73216A2BA22882007EB026 /* Mocks */ = {
			isa = PBXGroup;
			children = (
				2B73216C2BA228A7007EB026 /* Repositories */,
				2B73216B2BA2289B007EB026 /* Network */,
			);
			path = Mocks;
			sourceTree = "<group>";
		};
		2B73216B2BA2289B007EB026 /* Network */ = {
			isa = PBXGroup;
			children = (
				2B7321682BA1D484007EB026 /* NetworkMock.swift */,
			);
			path = Network;
			sourceTree = "<group>";
		};
		2B73216C2BA228A7007EB026 /* Repositories */ = {
			isa = PBXGroup;
			children = (
				2B73216D2BA22933007EB026 /* MockMovieDBRepository.swift */,
			);
			path = Repositories;
			sourceTree = "<group>";
		};
		2B7AE52728F353E200B09959 = {
			isa = PBXGroup;
			children = (
				2B8E8FE82BA09EE50079F8B2 /* Packages */,
				2B7AE53228F353E200B09959 /* SwiftUI BaseHelper */,
				2B98C3662902CB85001BCBEC /* SimpleLockScreenWidget */,
				2B8E902B2BA0EC600079F8B2 /* SwiftUI BaseHelperTests */,
				2B98C3612902CB85001BCBEC /* Frameworks */,
				2B7AE53128F353E200B09959 /* Products */,
			);
			sourceTree = "<group>";
		};
		2B7AE53128F353E200B09959 /* Products */ = {
			isa = PBXGroup;
			children = (
				2B7AE53028F353E200B09959 /* SwiftUI BaseHelper.app */,
				2B98C3602902CB85001BCBEC /* SimpleLockScreenWidgetExtension.appex */,
				2B8E902A2BA0EC600079F8B2 /* SwiftUI BaseHelperTests.xctest */,
			);
			name = Products;
			sourceTree = "<group>";
		};
		2B7AE53228F353E200B09959 /* SwiftUI BaseHelper */ = {
			isa = PBXGroup;
			children = (
				2B370F6428FD9433000F4824 /* App */,
				2B92448F2DCA59950039266F /* Core */,
				2B9245022DCA59E20039266F /* Data */,
				2B9244F42DCA59C70039266F /* Domain */,
				2B9245272DCA59E50039266F /* Views */,
				2B9245402DCA59E80039266F /* Preview Content */,
			);
			path = "SwiftUI BaseHelper";
			sourceTree = "<group>";
		};
		2B8E8FE82BA09EE50079F8B2 /* Packages */ = {
			isa = PBXGroup;
			children = (
				2B8E8FEA2BA09F600079F8B2 /* DesignSystem */,
			);
			name = Packages;
			sourceTree = "<group>";
		};
		2B8E902B2BA0EC600079F8B2 /* SwiftUI BaseHelperTests */ = {
			isa = PBXGroup;
			children = (
				2B7321612BA1C689007EB026 /* Helpers */,
				2B7321602BA1C66B007EB026 /* RepositoriesTests */,
			);
			path = "SwiftUI BaseHelperTests";
			sourceTree = "<group>";
		};
		2B927CA42B98B8AF000EA840 /* Environment */ = {
			isa = PBXGroup;
			children = (
				2B927CA52B98B8B9000EA840 /* Environment.swift */,
				2B927CA72B98B8C4000EA840 /* EnvironmentProtocol.swift */,
			);
			path = Environment;
			sourceTree = "<group>";
		};
		2B98C3612902CB85001BCBEC /* Frameworks */ = {
			isa = PBXGroup;
			children = (
				2B98C3622902CB85001BCBEC /* WidgetKit.framework */,
				2B98C3642902CB85001BCBEC /* SwiftUI.framework */,
			);
			name = Frameworks;
			sourceTree = "<group>";
		};
		2B98C3662902CB85001BCBEC /* SimpleLockScreenWidget */ = {
			isa = PBXGroup;
			children = (
				2B98C3672902CB85001BCBEC /* SimpleLockScreenWidget.swift */,
				2B98C3692902CB86001BCBEC /* Assets.xcassets */,
				2B98C36B2902CB86001BCBEC /* Info.plist */,
			);
			path = SimpleLockScreenWidget;
			sourceTree = "<group>";
		};
/* End PBXGroup section */

/* Begin PBXNativeTarget section */
		2B7AE52F28F353E200B09959 /* SwiftUI BaseHelper */ = {
			isa = PBXNativeTarget;
			buildConfigurationList = 2B7AE53E28F353E300B09959 /* Build configuration list for PBXNativeTarget "SwiftUI BaseHelper" */;
			buildPhases = (
				2B7AE52C28F353E200B09959 /* Sources */,
				2B7AE52D28F353E200B09959 /* Frameworks */,
				2B7AE52E28F353E200B09959 /* Resources */,
				2B98C36F2902CB86001BCBEC /* Embed Foundation Extensions */,
			);
			buildRules = (
			);
			dependencies = (
				2B98C36D2902CB86001BCBEC /* PBXTargetDependency */,
			);
			fileSystemSynchronizedGroups = (
				2B92448F2DCA59950039266F /* Core */,
				2B9244F42DCA59C70039266F /* Domain */,
				2B9245022DCA59E20039266F /* Data */,
				2B9245272DCA59E50039266F /* Views */,
				2B9245402DCA59E80039266F /* Preview Content */,
			);
			name = "SwiftUI BaseHelper";
			packageProductDependencies = (
				2B8E8FEC2BA09FBD0079F8B2 /* DesignSystem */,
			);
			productName = "SwiftUI BaseHelper";
			productReference = 2B7AE53028F353E200B09959 /* SwiftUI BaseHelper.app */;
			productType = "com.apple.product-type.application";
		};
		2B8E90292BA0EC600079F8B2 /* SwiftUI BaseHelperTests */ = {
			isa = PBXNativeTarget;
			buildConfigurationList = 2B8E90322BA0EC600079F8B2 /* Build configuration list for PBXNativeTarget "SwiftUI BaseHelperTests" */;
			buildPhases = (
				2B8E90262BA0EC600079F8B2 /* Sources */,
				2B8E90272BA0EC600079F8B2 /* Frameworks */,
				2B8E90282BA0EC600079F8B2 /* Resources */,
			);
			buildRules = (
			);
			dependencies = (
				2B8E902F2BA0EC600079F8B2 /* PBXTargetDependency */,
			);
			name = "SwiftUI BaseHelperTests";
			productName = "SwiftUI BaseHelperTests";
			productReference = 2B8E902A2BA0EC600079F8B2 /* SwiftUI BaseHelperTests.xctest */;
			productType = "com.apple.product-type.bundle.unit-test";
		};
		2B98C35F2902CB85001BCBEC /* SimpleLockScreenWidgetExtension */ = {
			isa = PBXNativeTarget;
			buildConfigurationList = 2B98C3722902CB86001BCBEC /* Build configuration list for PBXNativeTarget "SimpleLockScreenWidgetExtension" */;
			buildPhases = (
				2B98C35C2902CB85001BCBEC /* Sources */,
				2B98C35D2902CB85001BCBEC /* Frameworks */,
				2B98C35E2902CB85001BCBEC /* Resources */,
			);
			buildRules = (
			);
			dependencies = (
			);
			name = SimpleLockScreenWidgetExtension;
			productName = SimpleLockScreenWidgetExtension;
			productReference = 2B98C3602902CB85001BCBEC /* SimpleLockScreenWidgetExtension.appex */;
			productType = "com.apple.product-type.app-extension";
		};
/* End PBXNativeTarget section */

/* Begin PBXProject section */
		2B7AE52828F353E200B09959 /* Project object */ = {
			isa = PBXProject;
			attributes = {
				BuildIndependentTargetsInParallel = 1;
				LastSwiftUpdateCheck = 1530;
				LastUpgradeCheck = 1400;
				TargetAttributes = {
					2B7AE52F28F353E200B09959 = {
						CreatedOnToolsVersion = 14.0.1;
					};
					2B8E90292BA0EC600079F8B2 = {
						CreatedOnToolsVersion = 15.3;
						TestTargetID = 2B7AE52F28F353E200B09959;
					};
					2B98C35F2902CB85001BCBEC = {
						CreatedOnToolsVersion = 14.0.1;
					};
				};
			};
			buildConfigurationList = 2B7AE52B28F353E200B09959 /* Build configuration list for PBXProject "SwiftUI BaseHelper" */;
			compatibilityVersion = "Xcode 14.0";
			developmentRegion = en;
			hasScannedForEncodings = 0;
			knownRegions = (
				en,
				Base,
				"pt-BR",
			);
			mainGroup = 2B7AE52728F353E200B09959;
			productRefGroup = 2B7AE53128F353E200B09959 /* Products */;
			projectDirPath = "";
			projectRoot = "";
			targets = (
				2B7AE52F28F353E200B09959 /* SwiftUI BaseHelper */,
				2B98C35F2902CB85001BCBEC /* SimpleLockScreenWidgetExtension */,
				2B8E90292BA0EC600079F8B2 /* SwiftUI BaseHelperTests */,
			);
		};
/* End PBXProject section */

/* Begin PBXResourcesBuildPhase section */
		2B7AE52E28F353E200B09959 /* Resources */ = {
			isa = PBXResourcesBuildPhase;
			buildActionMask = 2147483647;
			files = (
				2BC74F152E16ECD40033321F /* Config.xcconfig in Resources */,
				2BC74F172E16ED900033321F /* Config_temp.xcconfig in Resources */,
			);
			runOnlyForDeploymentPostprocessing = 0;
		};
		2B8E90282BA0EC600079F8B2 /* Resources */ = {
			isa = PBXResourcesBuildPhase;
			buildActionMask = 2147483647;
			files = (
			);
			runOnlyForDeploymentPostprocessing = 0;
		};
		2B98C35E2902CB85001BCBEC /* Resources */ = {
			isa = PBXResourcesBuildPhase;
			buildActionMask = 2147483647;
			files = (
				2B98C36A2902CB86001BCBEC /* Assets.xcassets in Resources */,
			);
			runOnlyForDeploymentPostprocessing = 0;
		};
/* End PBXResourcesBuildPhase section */

/* Begin PBXSourcesBuildPhase section */
		2B7AE52C28F353E200B09959 /* Sources */ = {
			isa = PBXSourcesBuildPhase;
			buildActionMask = 2147483647;
			files = (
				2B927CA62B98B8B9000EA840 /* Environment.swift in Sources */,
				2B927CA82B98B8C4000EA840 /* EnvironmentProtocol.swift in Sources */,
				2B7AE53428F353E200B09959 /* SwiftUI_BaseHelperApp.swift in Sources */,
				2B927CB42B98D370000EA840 /* AppDependencies.swift in Sources */,
			);
			runOnlyForDeploymentPostprocessing = 0;
		};
		2B8E90262BA0EC600079F8B2 /* Sources */ = {
			isa = PBXSourcesBuildPhase;
			buildActionMask = 2147483647;
			files = (
				2B73216E2BA22933007EB026 /* MockMovieDBRepository.swift in Sources */,
				2B7321692BA1D484007EB026 /* NetworkMock.swift in Sources */,
				2B8E902D2BA0EC600079F8B2 /* MovieDBRepositoryTests.swift in Sources */,
				2B7321672BA1C9F8007EB026 /* XCTestCase+Extensions.swift in Sources */,
				2B7321642BA1C6A5007EB026 /* TestMovieFactory.swift in Sources */,
			);
			runOnlyForDeploymentPostprocessing = 0;
		};
		2B98C35C2902CB85001BCBEC /* Sources */ = {
			isa = PBXSourcesBuildPhase;
			buildActionMask = 2147483647;
			files = (
				2B98C3682902CB85001BCBEC /* SimpleLockScreenWidget.swift in Sources */,
			);
			runOnlyForDeploymentPostprocessing = 0;
		};
/* End PBXSourcesBuildPhase section */

/* Begin PBXTargetDependency section */
		2B8E902F2BA0EC600079F8B2 /* PBXTargetDependency */ = {
			isa = PBXTargetDependency;
			platformFilter = ios;
			target = 2B7AE52F28F353E200B09959 /* SwiftUI BaseHelper */;
			targetProxy = 2B8E902E2BA0EC600079F8B2 /* PBXContainerItemProxy */;
		};
		2B98C36D2902CB86001BCBEC /* PBXTargetDependency */ = {
			isa = PBXTargetDependency;
			target = 2B98C35F2902CB85001BCBEC /* SimpleLockScreenWidgetExtension */;
			targetProxy = 2B98C36C2902CB86001BCBEC /* PBXContainerItemProxy */;
		};
/* End PBXTargetDependency section */

/* Begin XCBuildConfiguration section */
		2B7AE53C28F353E300B09959 /* Debug */ = {
			isa = XCBuildConfiguration;
			buildSettings = {
				ALWAYS_SEARCH_USER_PATHS = NO;
				CLANG_ANALYZER_NONNULL = YES;
				CLANG_ANALYZER_NUMBER_OBJECT_CONVERSION = YES_AGGRESSIVE;
				CLANG_CXX_LANGUAGE_STANDARD = "gnu++20";
				CLANG_ENABLE_MODULES = YES;
				CLANG_ENABLE_OBJC_ARC = YES;
				CLANG_ENABLE_OBJC_WEAK = YES;
				CLANG_WARN_BLOCK_CAPTURE_AUTORELEASING = YES;
				CLANG_WARN_BOOL_CONVERSION = YES;
				CLANG_WARN_COMMA = YES;
				CLANG_WARN_CONSTANT_CONVERSION = YES;
				CLANG_WARN_DEPRECATED_OBJC_IMPLEMENTATIONS = YES;
				CLANG_WARN_DIRECT_OBJC_ISA_USAGE = YES_ERROR;
				CLANG_WARN_DOCUMENTATION_COMMENTS = YES;
				CLANG_WARN_EMPTY_BODY = YES;
				CLANG_WARN_ENUM_CONVERSION = YES;
				CLANG_WARN_INFINITE_RECURSION = YES;
				CLANG_WARN_INT_CONVERSION = YES;
				CLANG_WARN_NON_LITERAL_NULL_CONVERSION = YES;
				CLANG_WARN_OBJC_IMPLICIT_RETAIN_SELF = YES;
				CLANG_WARN_OBJC_LITERAL_CONVERSION = YES;
				CLANG_WARN_OBJC_ROOT_CLASS = YES_ERROR;
				CLANG_WARN_QUOTED_INCLUDE_IN_FRAMEWORK_HEADER = YES;
				CLANG_WARN_RANGE_LOOP_ANALYSIS = YES;
				CLANG_WARN_STRICT_PROTOTYPES = YES;
				CLANG_WARN_SUSPICIOUS_MOVE = YES;
				CLANG_WARN_UNGUARDED_AVAILABILITY = YES_AGGRESSIVE;
				CLANG_WARN_UNREACHABLE_CODE = YES;
				CLANG_WARN__DUPLICATE_METHOD_MATCH = YES;
				COPY_PHASE_STRIP = NO;
				DEBUG_INFORMATION_FORMAT = dwarf;
				ENABLE_STRICT_OBJC_MSGSEND = YES;
				ENABLE_TESTABILITY = YES;
				GCC_C_LANGUAGE_STANDARD = gnu11;
				GCC_DYNAMIC_NO_PIC = NO;
				GCC_NO_COMMON_BLOCKS = YES;
				GCC_OPTIMIZATION_LEVEL = 0;
				GCC_PREPROCESSOR_DEFINITIONS = (
					"DEBUG=1",
					"$(inherited)",
				);
				GCC_WARN_64_TO_32_BIT_CONVERSION = YES;
				GCC_WARN_ABOUT_RETURN_TYPE = YES_ERROR;
				GCC_WARN_UNDECLARED_SELECTOR = YES;
				GCC_WARN_UNINITIALIZED_AUTOS = YES_AGGRESSIVE;
				GCC_WARN_UNUSED_FUNCTION = YES;
				GCC_WARN_UNUSED_VARIABLE = YES;
				IPHONEOS_DEPLOYMENT_TARGET = 17.0;
				MTL_ENABLE_DEBUG_INFO = INCLUDE_SOURCE;
				MTL_FAST_MATH = YES;
				ONLY_ACTIVE_ARCH = YES;
				SDKROOT = iphoneos;
				SWIFT_ACTIVE_COMPILATION_CONDITIONS = DEBUG;
				SWIFT_OPTIMIZATION_LEVEL = "-Onone";
			};
			name = Debug;
		};
		2B7AE53D28F353E300B09959 /* Release */ = {
			isa = XCBuildConfiguration;
			buildSettings = {
				ALWAYS_SEARCH_USER_PATHS = NO;
				CLANG_ANALYZER_NONNULL = YES;
				CLANG_ANALYZER_NUMBER_OBJECT_CONVERSION = YES_AGGRESSIVE;
				CLANG_CXX_LANGUAGE_STANDARD = "gnu++20";
				CLANG_ENABLE_MODULES = YES;
				CLANG_ENABLE_OBJC_ARC = YES;
				CLANG_ENABLE_OBJC_WEAK = YES;
				CLANG_WARN_BLOCK_CAPTURE_AUTORELEASING = YES;
				CLANG_WARN_BOOL_CONVERSION = YES;
				CLANG_WARN_COMMA = YES;
				CLANG_WARN_CONSTANT_CONVERSION = YES;
				CLANG_WARN_DEPRECATED_OBJC_IMPLEMENTATIONS = YES;
				CLANG_WARN_DIRECT_OBJC_ISA_USAGE = YES_ERROR;
				CLANG_WARN_DOCUMENTATION_COMMENTS = YES;
				CLANG_WARN_EMPTY_BODY = YES;
				CLANG_WARN_ENUM_CONVERSION = YES;
				CLANG_WARN_INFINITE_RECURSION = YES;
				CLANG_WARN_INT_CONVERSION = YES;
				CLANG_WARN_NON_LITERAL_NULL_CONVERSION = YES;
				CLANG_WARN_OBJC_IMPLICIT_RETAIN_SELF = YES;
				CLANG_WARN_OBJC_LITERAL_CONVERSION = YES;
				CLANG_WARN_OBJC_ROOT_CLASS = YES_ERROR;
				CLANG_WARN_QUOTED_INCLUDE_IN_FRAMEWORK_HEADER = YES;
				CLANG_WARN_RANGE_LOOP_ANALYSIS = YES;
				CLANG_WARN_STRICT_PROTOTYPES = YES;
				CLANG_WARN_SUSPICIOUS_MOVE = YES;
				CLANG_WARN_UNGUARDED_AVAILABILITY = YES_AGGRESSIVE;
				CLANG_WARN_UNREACHABLE_CODE = YES;
				CLANG_WARN__DUPLICATE_METHOD_MATCH = YES;
				COPY_PHASE_STRIP = NO;
				DEBUG_INFORMATION_FORMAT = "dwarf-with-dsym";
				ENABLE_NS_ASSERTIONS = NO;
				ENABLE_STRICT_OBJC_MSGSEND = YES;
				GCC_C_LANGUAGE_STANDARD = gnu11;
				GCC_NO_COMMON_BLOCKS = YES;
				GCC_WARN_64_TO_32_BIT_CONVERSION = YES;
				GCC_WARN_ABOUT_RETURN_TYPE = YES_ERROR;
				GCC_WARN_UNDECLARED_SELECTOR = YES;
				GCC_WARN_UNINITIALIZED_AUTOS = YES_AGGRESSIVE;
				GCC_WARN_UNUSED_FUNCTION = YES;
				GCC_WARN_UNUSED_VARIABLE = YES;
				IPHONEOS_DEPLOYMENT_TARGET = 17.0;
				MTL_ENABLE_DEBUG_INFO = NO;
				MTL_FAST_MATH = YES;
				SDKROOT = iphoneos;
				SWIFT_COMPILATION_MODE = wholemodule;
				SWIFT_OPTIMIZATION_LEVEL = "-O";
				VALIDATE_PRODUCT = YES;
			};
			name = Release;
		};
		2B7AE53F28F353E300B09959 /* Debug */ = {
			isa = XCBuildConfiguration;
			buildSettings = {
				ALWAYS_EMBED_SWIFT_STANDARD_LIBRARIES = YES;
				ASSETCATALOG_COMPILER_APPICON_NAME = AppIcon;
				ASSETCATALOG_COMPILER_GLOBAL_ACCENT_COLOR_NAME = AccentColor;
				CODE_SIGN_STYLE = Manual;
				CURRENT_PROJECT_VERSION = 1;
				DEVELOPMENT_ASSET_PATHS = "\"SwiftUI BaseHelper/Preview Content\"";
				DEVELOPMENT_TEAM = "";
				ENABLE_PREVIEWS = YES;
				GENERATE_INFOPLIST_FILE = YES;
				INFOPLIST_FILE = "SwiftUI BaseHelper/App/SwiftUI-BaseHelper-Info.plist";
				INFOPLIST_KEY_CFBundleDisplayName = "";
				INFOPLIST_KEY_LSApplicationCategoryType = "";
				INFOPLIST_KEY_NSLocationWhenInUseUsageDescription = "This app require share location.";
				INFOPLIST_KEY_UIApplicationSceneManifest_Generation = YES;
				INFOPLIST_KEY_UIApplicationSupportsIndirectInputEvents = YES;
				INFOPLIST_KEY_UILaunchScreen_Generation = YES;
				INFOPLIST_KEY_UISupportedInterfaceOrientations = UIInterfaceOrientationPortrait;
				INFOPLIST_KEY_UISupportedInterfaceOrientations_iPad = "UIInterfaceOrientationLandscapeLeft UIInterfaceOrientationLandscapeRight UIInterfaceOrientationPortrait UIInterfaceOrientationPortraitUpsideDown";
				IPHONEOS_DEPLOYMENT_TARGET = 17.0;
				LD_RUNPATH_SEARCH_PATHS = (
					"$(inherited)",
					"@executable_path/Frameworks",
				);
				MARKETING_VERSION = 1.0;
				PRODUCT_BUNDLE_IDENTIFIER = "Okido.SwiftUI-BaseHelper";
				PRODUCT_NAME = "$(TARGET_NAME)";
				PROVISIONING_PROFILE_SPECIFIER = "";
				SUPPORTED_PLATFORMS = "iphoneos iphonesimulator";
				SUPPORTS_MACCATALYST = NO;
				SUPPORTS_XR_DESIGNED_FOR_IPHONE_IPAD = NO;
				SWIFT_EMIT_LOC_STRINGS = YES;
				SWIFT_VERSION = 5.0;
				TARGETED_DEVICE_FAMILY = 1;
			};
			name = Debug;
		};
		2B7AE54028F353E300B09959 /* Release */ = {
			isa = XCBuildConfiguration;
			buildSettings = {
				ALWAYS_EMBED_SWIFT_STANDARD_LIBRARIES = YES;
				ASSETCATALOG_COMPILER_APPICON_NAME = AppIcon;
				ASSETCATALOG_COMPILER_GLOBAL_ACCENT_COLOR_NAME = AccentColor;
				CODE_SIGN_STYLE = Manual;
				CURRENT_PROJECT_VERSION = 1;
				DEVELOPMENT_ASSET_PATHS = "\"SwiftUI BaseHelper/Preview Content\"";
				DEVELOPMENT_TEAM = "";
				ENABLE_PREVIEWS = YES;
				GENERATE_INFOPLIST_FILE = YES;
				INFOPLIST_FILE = "SwiftUI BaseHelper/App/SwiftUI-BaseHelper-Info.plist";
				INFOPLIST_KEY_CFBundleDisplayName = "";
				INFOPLIST_KEY_LSApplicationCategoryType = "";
				INFOPLIST_KEY_NSLocationWhenInUseUsageDescription = "This app require share location.";
				INFOPLIST_KEY_UIApplicationSceneManifest_Generation = YES;
				INFOPLIST_KEY_UIApplicationSupportsIndirectInputEvents = YES;
				INFOPLIST_KEY_UILaunchScreen_Generation = YES;
				INFOPLIST_KEY_UISupportedInterfaceOrientations = UIInterfaceOrientationPortrait;
				INFOPLIST_KEY_UISupportedInterfaceOrientations_iPad = "UIInterfaceOrientationLandscapeLeft UIInterfaceOrientationLandscapeRight UIInterfaceOrientationPortrait UIInterfaceOrientationPortraitUpsideDown";
				IPHONEOS_DEPLOYMENT_TARGET = 17.0;
				LD_RUNPATH_SEARCH_PATHS = (
					"$(inherited)",
					"@executable_path/Frameworks",
				);
				MARKETING_VERSION = 1.0;
				PRODUCT_BUNDLE_IDENTIFIER = "Okido.SwiftUI-BaseHelper";
				PRODUCT_NAME = "$(TARGET_NAME)";
				PROVISIONING_PROFILE_SPECIFIER = "";
				SUPPORTED_PLATFORMS = "iphoneos iphonesimulator";
				SUPPORTS_MACCATALYST = NO;
				SUPPORTS_XR_DESIGNED_FOR_IPHONE_IPAD = NO;
				SWIFT_EMIT_LOC_STRINGS = YES;
				SWIFT_VERSION = 5.0;
				TARGETED_DEVICE_FAMILY = 1;
			};
			name = Release;
		};
		2B8E90302BA0EC600079F8B2 /* Debug */ = {
			isa = XCBuildConfiguration;
			buildSettings = {
				ASSETCATALOG_COMPILER_GENERATE_SWIFT_ASSET_SYMBOL_EXTENSIONS = YES;
				BUNDLE_LOADER = "$(TEST_HOST)";
				CODE_SIGN_STYLE = Automatic;
				CURRENT_PROJECT_VERSION = 1;
				DEVELOPMENT_TEAM = CFF4MPQ8FV;
				ENABLE_USER_SCRIPT_SANDBOXING = YES;
				GCC_C_LANGUAGE_STANDARD = gnu17;
				GENERATE_INFOPLIST_FILE = YES;
				IPHONEOS_DEPLOYMENT_TARGET = 17.0;
				LOCALIZATION_PREFERS_STRING_CATALOGS = YES;
				MARKETING_VERSION = 1.0;
				PRODUCT_BUNDLE_IDENTIFIER = "okido.SwiftUI-BaseHelperTests";
				PRODUCT_NAME = "$(TARGET_NAME)";
				SUPPORTED_PLATFORMS = "iphoneos iphonesimulator";
				SUPPORTS_MACCATALYST = NO;
				SUPPORTS_MAC_DESIGNED_FOR_IPHONE_IPAD = NO;
				SUPPORTS_XR_DESIGNED_FOR_IPHONE_IPAD = NO;
				SWIFT_ACTIVE_COMPILATION_CONDITIONS = "DEBUG $(inherited)";
				SWIFT_EMIT_LOC_STRINGS = NO;
				SWIFT_VERSION = 5.0;
				TARGETED_DEVICE_FAMILY = 1;
				TEST_HOST = "$(BUILT_PRODUCTS_DIR)/SwiftUI BaseHelper.app/$(BUNDLE_EXECUTABLE_FOLDER_PATH)/SwiftUI BaseHelper";
			};
			name = Debug;
		};
		2B8E90312BA0EC600079F8B2 /* Release */ = {
			isa = XCBuildConfiguration;
			buildSettings = {
				ASSETCATALOG_COMPILER_GENERATE_SWIFT_ASSET_SYMBOL_EXTENSIONS = YES;
				BUNDLE_LOADER = "$(TEST_HOST)";
				CODE_SIGN_STYLE = Automatic;
				CURRENT_PROJECT_VERSION = 1;
				DEVELOPMENT_TEAM = CFF4MPQ8FV;
				ENABLE_USER_SCRIPT_SANDBOXING = YES;
				GCC_C_LANGUAGE_STANDARD = gnu17;
				GENERATE_INFOPLIST_FILE = YES;
				IPHONEOS_DEPLOYMENT_TARGET = 17.0;
				LOCALIZATION_PREFERS_STRING_CATALOGS = YES;
				MARKETING_VERSION = 1.0;
				PRODUCT_BUNDLE_IDENTIFIER = "okido.SwiftUI-BaseHelperTests";
				PRODUCT_NAME = "$(TARGET_NAME)";
				SUPPORTED_PLATFORMS = "iphoneos iphonesimulator";
				SUPPORTS_MACCATALYST = NO;
				SUPPORTS_MAC_DESIGNED_FOR_IPHONE_IPAD = NO;
				SUPPORTS_XR_DESIGNED_FOR_IPHONE_IPAD = NO;
				SWIFT_EMIT_LOC_STRINGS = NO;
				SWIFT_VERSION = 5.0;
				TARGETED_DEVICE_FAMILY = 1;
				TEST_HOST = "$(BUILT_PRODUCTS_DIR)/SwiftUI BaseHelper.app/$(BUNDLE_EXECUTABLE_FOLDER_PATH)/SwiftUI BaseHelper";
			};
			name = Release;
		};
		2B98C3702902CB86001BCBEC /* Debug */ = {
			isa = XCBuildConfiguration;
			buildSettings = {
				ASSETCATALOG_COMPILER_GLOBAL_ACCENT_COLOR_NAME = AccentColor;
				ASSETCATALOG_COMPILER_WIDGET_BACKGROUND_COLOR_NAME = WidgetBackground;
				CODE_SIGN_STYLE = Automatic;
				CURRENT_PROJECT_VERSION = 1;
				DEVELOPMENT_TEAM = 896VMXCQU5;
				GENERATE_INFOPLIST_FILE = YES;
				INFOPLIST_FILE = SimpleLockScreenWidget/Info.plist;
				INFOPLIST_KEY_CFBundleDisplayName = SimpleLockScreenWidget;
				INFOPLIST_KEY_NSHumanReadableCopyright = "";
				LD_RUNPATH_SEARCH_PATHS = (
					"$(inherited)",
					"@executable_path/Frameworks",
					"@executable_path/../../Frameworks",
				);
				MARKETING_VERSION = 1.0;
				PRODUCT_BUNDLE_IDENTIFIER = "Okido.SwiftUI-BaseHelper.SimpleLockScreenWidget";
				PRODUCT_NAME = "$(TARGET_NAME)";
				SKIP_INSTALL = YES;
				SUPPORTED_PLATFORMS = "iphoneos iphonesimulator";
				SUPPORTS_MACCATALYST = NO;
				SUPPORTS_XR_DESIGNED_FOR_IPHONE_IPAD = NO;
				SWIFT_EMIT_LOC_STRINGS = YES;
				SWIFT_VERSION = 5.0;
				TARGETED_DEVICE_FAMILY = 1;
			};
			name = Debug;
		};
		2B98C3712902CB86001BCBEC /* Release */ = {
			isa = XCBuildConfiguration;
			buildSettings = {
				ASSETCATALOG_COMPILER_GLOBAL_ACCENT_COLOR_NAME = AccentColor;
				ASSETCATALOG_COMPILER_WIDGET_BACKGROUND_COLOR_NAME = WidgetBackground;
				CODE_SIGN_STYLE = Automatic;
				CURRENT_PROJECT_VERSION = 1;
				DEVELOPMENT_TEAM = 896VMXCQU5;
				GENERATE_INFOPLIST_FILE = YES;
				INFOPLIST_FILE = SimpleLockScreenWidget/Info.plist;
				INFOPLIST_KEY_CFBundleDisplayName = SimpleLockScreenWidget;
				INFOPLIST_KEY_NSHumanReadableCopyright = "";
				LD_RUNPATH_SEARCH_PATHS = (
					"$(inherited)",
					"@executable_path/Frameworks",
					"@executable_path/../../Frameworks",
				);
				MARKETING_VERSION = 1.0;
				PRODUCT_BUNDLE_IDENTIFIER = "Okido.SwiftUI-BaseHelper.SimpleLockScreenWidget";
				PRODUCT_NAME = "$(TARGET_NAME)";
				SKIP_INSTALL = YES;
				SUPPORTED_PLATFORMS = "iphoneos iphonesimulator";
				SUPPORTS_MACCATALYST = NO;
				SUPPORTS_XR_DESIGNED_FOR_IPHONE_IPAD = NO;
				SWIFT_EMIT_LOC_STRINGS = YES;
				SWIFT_VERSION = 5.0;
				TARGETED_DEVICE_FAMILY = 1;
			};
			name = Release;
		};
/* End XCBuildConfiguration section */

/* Begin XCConfigurationList section */
		2B7AE52B28F353E200B09959 /* Build configuration list for PBXProject "SwiftUI BaseHelper" */ = {
			isa = XCConfigurationList;
			buildConfigurations = (
				2B7AE53C28F353E300B09959 /* Debug */,
				2B7AE53D28F353E300B09959 /* Release */,
			);
			defaultConfigurationIsVisible = 0;
			defaultConfigurationName = Release;
		};
		2B7AE53E28F353E300B09959 /* Build configuration list for PBXNativeTarget "SwiftUI BaseHelper" */ = {
			isa = XCConfigurationList;
			buildConfigurations = (
				2B7AE53F28F353E300B09959 /* Debug */,
				2B7AE54028F353E300B09959 /* Release */,
			);
			defaultConfigurationIsVisible = 0;
			defaultConfigurationName = Release;
		};
		2B8E90322BA0EC600079F8B2 /* Build configuration list for PBXNativeTarget "SwiftUI BaseHelperTests" */ = {
			isa = XCConfigurationList;
			buildConfigurations = (
				2B8E90302BA0EC600079F8B2 /* Debug */,
				2B8E90312BA0EC600079F8B2 /* Release */,
			);
			defaultConfigurationIsVisible = 0;
			defaultConfigurationName = Release;
		};
		2B98C3722902CB86001BCBEC /* Build configuration list for PBXNativeTarget "SimpleLockScreenWidgetExtension" */ = {
			isa = XCConfigurationList;
			buildConfigurations = (
				2B98C3702902CB86001BCBEC /* Debug */,
				2B98C3712902CB86001BCBEC /* Release */,
			);
			defaultConfigurationIsVisible = 0;
			defaultConfigurationName = Release;
		};
/* End XCConfigurationList section */

/* Begin XCSwiftPackageProductDependency section */
		2B8E8FEC2BA09FBD0079F8B2 /* DesignSystem */ = {
			isa = XCSwiftPackageProductDependency;
			productName = DesignSystem;
		};
/* End XCSwiftPackageProductDependency section */
	};
	rootObject = 2B7AE52828F353E200B09959 /* Project object */;
}
