// !$*UTF8*$!
{
	archiveVersion = 1;
	classes = {
	};
	objectVersion = 56;
	objects = {

/* Begin PBXBuildFile section */
		2B164B1E28F9DDE100FFFAD3 /* APIMovieDetailView.swift in Sources */ = {isa = PBXBuildFile; fileRef = 2B164B1D28F9DDE100FFFAD3 /* APIMovieDetailView.swift */; };
		2B164B2028F9E4BC00FFFAD3 /* APIDetailMovieViewModel.swift in Sources */ = {isa = PBXBuildFile; fileRef = 2B164B1F28F9E4BC00FFFAD3 /* APIDetailMovieViewModel.swift */; };
		2B294DA028F790F800F76609 /* Movie.swift in Sources */ = {isa = PBXBuildFile; fileRef = 2B294D9F28F790F800F76609 /* Movie.swift */; };
		2B294DA228F7918200F76609 /* APIViewModel.swift in Sources */ = {isa = PBXBuildFile; fileRef = 2B294DA128F7918200F76609 /* APIViewModel.swift */; };
		2B370F6628FD9AB6000F4824 /* MapView.swift in Sources */ = {isa = PBXBuildFile; fileRef = 2B370F6528FD9AB6000F4824 /* MapView.swift */; };
		2B370F6828FD9AC2000F4824 /* MapViewModel.swift in Sources */ = {isa = PBXBuildFile; fileRef = 2B370F6728FD9AC2000F4824 /* MapViewModel.swift */; };
		2B59CFD228F76D93000DE884 /* Color+Extensions.swift in Sources */ = {isa = PBXBuildFile; fileRef = 2B59CFD128F76D93000DE884 /* Color+Extensions.swift */; };
		2B59CFD528F77086000DE884 /* Income.swift in Sources */ = {isa = PBXBuildFile; fileRef = 2B59CFD428F77086000DE884 /* Income.swift */; };
		2B5FDB0A2909A8AF00B81DDE /* HapticsFeedbackView.swift in Sources */ = {isa = PBXBuildFile; fileRef = 2B5FDB092909A8AF00B81DDE /* HapticsFeedbackView.swift */; };
		2B7321642BA1C6A5007EB026 /* TestMovieFactory.swift in Sources */ = {isa = PBXBuildFile; fileRef = 2B7321632BA1C6A5007EB026 /* TestMovieFactory.swift */; };
		2B7321672BA1C9F8007EB026 /* XCTestCase+Extensions.swift in Sources */ = {isa = PBXBuildFile; fileRef = 2B7321662BA1C9F8007EB026 /* XCTestCase+Extensions.swift */; };
		2B7321692BA1D484007EB026 /* NetworkMock.swift in Sources */ = {isa = PBXBuildFile; fileRef = 2B7321682BA1D484007EB026 /* NetworkMock.swift */; };
		2B73216E2BA22933007EB026 /* MockMovieDBRepository.swift in Sources */ = {isa = PBXBuildFile; fileRef = 2B73216D2BA22933007EB026 /* MockMovieDBRepository.swift */; };
		2B7AE53428F353E200B09959 /* SwiftUI_BaseHelperApp.swift in Sources */ = {isa = PBXBuildFile; fileRef = 2B7AE53328F353E200B09959 /* SwiftUI_BaseHelperApp.swift */; };
		2B7AE53628F353E200B09959 /* MainView.swift in Sources */ = {isa = PBXBuildFile; fileRef = 2B7AE53528F353E200B09959 /* MainView.swift */; };
		2B7AE53828F353E300B09959 /* Assets.xcassets in Resources */ = {isa = PBXBuildFile; fileRef = 2B7AE53728F353E300B09959 /* Assets.xcassets */; };
		2B7AE53B28F353E300B09959 /* Preview Assets.xcassets in Resources */ = {isa = PBXBuildFile; fileRef = 2B7AE53A28F353E300B09959 /* Preview Assets.xcassets */; };
		2B7AE54228F3549E00B09959 /* BaseView.swift in Sources */ = {isa = PBXBuildFile; fileRef = 2B7AE54128F3549E00B09959 /* BaseView.swift */; };
		2B7AE54428F354AA00B09959 /* APIView.swift in Sources */ = {isa = PBXBuildFile; fileRef = 2B7AE54328F354AA00B09959 /* APIView.swift */; };
		2B7AE54D28F3598500B09959 /* LabelView.swift in Sources */ = {isa = PBXBuildFile; fileRef = 2B7AE54C28F3598500B09959 /* LabelView.swift */; };
		2B7AE54F28F35C5800B09959 /* TextFieldView.swift in Sources */ = {isa = PBXBuildFile; fileRef = 2B7AE54E28F35C5800B09959 /* TextFieldView.swift */; };
		2B7AE55128F35D2700B09959 /* ActionAndSelectableView.swift in Sources */ = {isa = PBXBuildFile; fileRef = 2B7AE55028F35D2700B09959 /* ActionAndSelectableView.swift */; };
		2B7AE55328F35E2900B09959 /* ChartsView.swift in Sources */ = {isa = PBXBuildFile; fileRef = 2B7AE55228F35E2900B09959 /* ChartsView.swift */; };
		2B7AE55528F35E3800B09959 /* ViewModifiersView.swift in Sources */ = {isa = PBXBuildFile; fileRef = 2B7AE55428F35E3800B09959 /* ViewModifiersView.swift */; };
		2B8E8FED2BA09FBD0079F8B2 /* DesignSystem in Frameworks */ = {isa = PBXBuildFile; productRef = 2B8E8FEC2BA09FBD0079F8B2 /* DesignSystem */; };
		2B8E8FEF2BA0A8230079F8B2 /* Localizable.xcstrings in Resources */ = {isa = PBXBuildFile; fileRef = 2B8E8FEE2BA0A8230079F8B2 /* Localizable.xcstrings */; };
		2B8E902D2BA0EC600079F8B2 /* MovieDBRepositoryTests.swift in Sources */ = {isa = PBXBuildFile; fileRef = 2B8E902C2BA0EC600079F8B2 /* MovieDBRepositoryTests.swift */; };
		2B927C6F2B98985F000EA840 /* Encodable+Extensions.swift in Sources */ = {isa = PBXBuildFile; fileRef = 2B927C6E2B98985F000EA840 /* Encodable+Extensions.swift */; };
		2B927C8B2B9898CB000EA840 /* CoreNetworkProtocol.swift in Sources */ = {isa = PBXBuildFile; fileRef = 2B927C742B9898CB000EA840 /* CoreNetworkProtocol.swift */; };
		2B927C8C2B9898CB000EA840 /* RequestInterceptor.swift in Sources */ = {isa = PBXBuildFile; fileRef = 2B927C772B9898CB000EA840 /* RequestInterceptor.swift */; };
		2B927C8D2B9898CB000EA840 /* JSONInterceptor.swift in Sources */ = {isa = PBXBuildFile; fileRef = 2B927C782B9898CB000EA840 /* JSONInterceptor.swift */; };
		2B927C8F2B9898CB000EA840 /* RequestResponse.swift in Sources */ = {isa = PBXBuildFile; fileRef = 2B927C7B2B9898CB000EA840 /* RequestResponse.swift */; };
		2B927C902B9898CB000EA840 /* RequestEmptyResponse.swift in Sources */ = {isa = PBXBuildFile; fileRef = 2B927C7C2B9898CB000EA840 /* RequestEmptyResponse.swift */; };
		2B927C912B9898CB000EA840 /* RestResponse.swift in Sources */ = {isa = PBXBuildFile; fileRef = 2B927C7D2B9898CB000EA840 /* RestResponse.swift */; };
		2B927C922B9898CB000EA840 /* RequestError.swift in Sources */ = {isa = PBXBuildFile; fileRef = 2B927C7E2B9898CB000EA840 /* RequestError.swift */; };
		2B927C932B9898CB000EA840 /* InterceptorBuilder.swift in Sources */ = {isa = PBXBuildFile; fileRef = 2B927C802B9898CB000EA840 /* InterceptorBuilder.swift */; };
		2B927C942B9898CB000EA840 /* RequestBuilder.swift in Sources */ = {isa = PBXBuildFile; fileRef = 2B927C812B9898CB000EA840 /* RequestBuilder.swift */; };
		2B927C952B9898CB000EA840 /* QueryBuilder.swift in Sources */ = {isa = PBXBuildFile; fileRef = 2B927C822B9898CB000EA840 /* QueryBuilder.swift */; };
		2B927C962B9898CB000EA840 /* BodyBuilder.swift in Sources */ = {isa = PBXBuildFile; fileRef = 2B927C832B9898CB000EA840 /* BodyBuilder.swift */; };
		2B927C9A2B9898CB000EA840 /* Endpoint.swift in Sources */ = {isa = PBXBuildFile; fileRef = 2B927C882B9898CB000EA840 /* Endpoint.swift */; };
		2B927C9B2B9898CB000EA840 /* CoreNetwork.swift in Sources */ = {isa = PBXBuildFile; fileRef = 2B927C892B9898CB000EA840 /* CoreNetwork.swift */; };
		2B927C9C2B9898CB000EA840 /* NetworkLogger.swift in Sources */ = {isa = PBXBuildFile; fileRef = 2B927C8A2B9898CB000EA840 /* NetworkLogger.swift */; };
		2B927C9E2B98B5DC000EA840 /* String+Extensions.swift in Sources */ = {isa = PBXBuildFile; fileRef = 2B927C9D2B98B5DC000EA840 /* String+Extensions.swift */; };
		2B927CA12B98B6B2000EA840 /* DependencyFactoryWrappers.swift in Sources */ = {isa = PBXBuildFile; fileRef = 2B927CA02B98B6B2000EA840 /* DependencyFactoryWrappers.swift */; };
		2B927CA32B98B6E4000EA840 /* DependencyFactory.swift in Sources */ = {isa = PBXBuildFile; fileRef = 2B927CA22B98B6E4000EA840 /* DependencyFactory.swift */; };
		2B927CA62B98B8B9000EA840 /* Environment.swift in Sources */ = {isa = PBXBuildFile; fileRef = 2B927CA52B98B8B9000EA840 /* Environment.swift */; };
		2B927CA82B98B8C4000EA840 /* EnvironmentProtocol.swift in Sources */ = {isa = PBXBuildFile; fileRef = 2B927CA72B98B8C4000EA840 /* EnvironmentProtocol.swift */; };
		2B927CAA2B98D14E000EA840 /* CoreModulesDependencies.swift in Sources */ = {isa = PBXBuildFile; fileRef = 2B927CA92B98D14E000EA840 /* CoreModulesDependencies.swift */; };
		2B927CAD2B98D16C000EA840 /* ModuleDependencies.swift in Sources */ = {isa = PBXBuildFile; fileRef = 2B927CAC2B98D16C000EA840 /* ModuleDependencies.swift */; };
		2B927CAF2B98D1DC000EA840 /* DateFormatter+Extensions.swift in Sources */ = {isa = PBXBuildFile; fileRef = 2B927CAE2B98D1DC000EA840 /* DateFormatter+Extensions.swift */; };
		2B927CB12B98D21D000EA840 /* NetworkDependencies.swift in Sources */ = {isa = PBXBuildFile; fileRef = 2B927CB02B98D21D000EA840 /* NetworkDependencies.swift */; };
		2B927CB42B98D370000EA840 /* AppDependencies.swift in Sources */ = {isa = PBXBuildFile; fileRef = 2B927CB32B98D370000EA840 /* AppDependencies.swift */; };
		2B927CBB2B98D718000EA840 /* MovieDBRepository.swift in Sources */ = {isa = PBXBuildFile; fileRef = 2B927CBA2B98D718000EA840 /* MovieDBRepository.swift */; };
		2B927CBD2B98D762000EA840 /* MovieDBRepositoryProtocol.swift in Sources */ = {isa = PBXBuildFile; fileRef = 2B927CBC2B98D762000EA840 /* MovieDBRepositoryProtocol.swift */; };
		2B927CC02B98DC49000EA840 /* MovieDBEndpoint.swift in Sources */ = {isa = PBXBuildFile; fileRef = 2B927CBF2B98DC49000EA840 /* MovieDBEndpoint.swift */; };
		2B927CC32B98FC07000EA840 /* RemoteMovie.swift in Sources */ = {isa = PBXBuildFile; fileRef = 2B927CC22B98FC07000EA840 /* RemoteMovie.swift */; };
		2B927CC62B98FE73000EA840 /* MovieMapper.swift in Sources */ = {isa = PBXBuildFile; fileRef = 2B927CC52B98FE73000EA840 /* MovieMapper.swift */; };
		2B927CC82B98FF67000EA840 /* ModelMapper.swift in Sources */ = {isa = PBXBuildFile; fileRef = 2B927CC72B98FF67000EA840 /* ModelMapper.swift */; };
		2B927CCA2B99EF85000EA840 /* ResponseHandler.swift in Sources */ = {isa = PBXBuildFile; fileRef = 2B927CC92B99EF85000EA840 /* ResponseHandler.swift */; };
		2B927CCC2B99EFBF000EA840 /* NetworkRequestError.swift in Sources */ = {isa = PBXBuildFile; fileRef = 2B927CCB2B99EFBF000EA840 /* NetworkRequestError.swift */; };
		2B927CD12B9A15DE000EA840 /* HTTPVerb.swift in Sources */ = {isa = PBXBuildFile; fileRef = 2B927CD02B9A15DE000EA840 /* HTTPVerb.swift */; };
		2B927CD82B9B9C4E000EA840 /* MovieDBDependencies.swift in Sources */ = {isa = PBXBuildFile; fileRef = 2B927CD72B9B9C4E000EA840 /* MovieDBDependencies.swift */; };
		2B927CDA2B9BAD48000EA840 /* MovieDBInterceptor.swift in Sources */ = {isa = PBXBuildFile; fileRef = 2B927CD92B9BAD48000EA840 /* MovieDBInterceptor.swift */; };
		2B98C3632902CB85001BCBEC /* WidgetKit.framework in Frameworks */ = {isa = PBXBuildFile; fileRef = 2B98C3622902CB85001BCBEC /* WidgetKit.framework */; };
		2B98C3652902CB85001BCBEC /* SwiftUI.framework in Frameworks */ = {isa = PBXBuildFile; fileRef = 2B98C3642902CB85001BCBEC /* SwiftUI.framework */; };
		2B98C3682902CB85001BCBEC /* SimpleLockScreenWidget.swift in Sources */ = {isa = PBXBuildFile; fileRef = 2B98C3672902CB85001BCBEC /* SimpleLockScreenWidget.swift */; };
		2B98C36A2902CB86001BCBEC /* Assets.xcassets in Resources */ = {isa = PBXBuildFile; fileRef = 2B98C3692902CB86001BCBEC /* Assets.xcassets */; };
		2B98C36E2902CB86001BCBEC /* SimpleLockScreenWidgetExtension.appex in Embed Foundation Extensions */ = {isa = PBXBuildFile; fileRef = 2B98C3602902CB85001BCBEC /* SimpleLockScreenWidgetExtension.appex */; settings = {ATTRIBUTES = (RemoveHeadersOnCopy, ); }; };
		2BA2D72A297091BD000273DB /* SettingsView.swift in Sources */ = {isa = PBXBuildFile; fileRef = 2BA2D729297091BD000273DB /* SettingsView.swift */; };
		2BAC0D7D299FB7C200CEB635 /* PresentSheetView.swift in Sources */ = {isa = PBXBuildFile; fileRef = 2BAC0D7C299FB7C200CEB635 /* PresentSheetView.swift */; };
		2BF39FF32BADCFFE00A52AE9 /* SettingsViewModel.swift in Sources */ = {isa = PBXBuildFile; fileRef = 2BF39FF22BADCFFE00A52AE9 /* SettingsViewModel.swift */; };
		2BFB3F912BAB41B100E7217C /* Double+Extensions.swift in Sources */ = {isa = PBXBuildFile; fileRef = 2BFB3F902BAB41B100E7217C /* Double+Extensions.swift */; };
		2BFF774828F3901F00936E01 /* View+Extensions.swift in Sources */ = {isa = PBXBuildFile; fileRef = 2BFF774728F3901F00936E01 /* View+Extensions.swift */; };
		2BFF776528F47D8900936E01 /* BasicViewModifiers.swift in Sources */ = {isa = PBXBuildFile; fileRef = 2BFF776428F47D8900936E01 /* BasicViewModifiers.swift */; };
/* End PBXBuildFile section */

/* Begin PBXContainerItemProxy section */
		2B8E902E2BA0EC600079F8B2 /* PBXContainerItemProxy */ = {
			isa = PBXContainerItemProxy;
			containerPortal = 2B7AE52828F353E200B09959 /* Project object */;
			proxyType = 1;
			remoteGlobalIDString = 2B7AE52F28F353E200B09959;
			remoteInfo = "SwiftUI BaseHelper";
		};
		2B98C36C2902CB86001BCBEC /* PBXContainerItemProxy */ = {
			isa = PBXContainerItemProxy;
			containerPortal = 2B7AE52828F353E200B09959 /* Project object */;
			proxyType = 1;
			remoteGlobalIDString = 2B98C35F2902CB85001BCBEC;
			remoteInfo = SimpleLockScreenWidgetExtension;
		};
/* End PBXContainerItemProxy section */

/* Begin PBXCopyFilesBuildPhase section */
		2B98C36F2902CB86001BCBEC /* Embed Foundation Extensions */ = {
			isa = PBXCopyFilesBuildPhase;
			buildActionMask = 2147483647;
			dstPath = "";
			dstSubfolderSpec = 13;
			files = (
				2B98C36E2902CB86001BCBEC /* SimpleLockScreenWidgetExtension.appex in Embed Foundation Extensions */,
			);
			name = "Embed Foundation Extensions";
			runOnlyForDeploymentPostprocessing = 0;
		};
/* End PBXCopyFilesBuildPhase section */

/* Begin PBXFileReference section */
		2B164B1D28F9DDE100FFFAD3 /* APIMovieDetailView.swift */ = {isa = PBXFileReference; lastKnownFileType = sourcecode.swift; path = APIMovieDetailView.swift; sourceTree = "<group>"; };
		2B164B1F28F9E4BC00FFFAD3 /* APIDetailMovieViewModel.swift */ = {isa = PBXFileReference; lastKnownFileType = sourcecode.swift; path = APIDetailMovieViewModel.swift; sourceTree = "<group>"; };
		2B294D9F28F790F800F76609 /* Movie.swift */ = {isa = PBXFileReference; lastKnownFileType = sourcecode.swift; path = Movie.swift; sourceTree = "<group>"; };
		2B294DA128F7918200F76609 /* APIViewModel.swift */ = {isa = PBXFileReference; lastKnownFileType = sourcecode.swift; path = APIViewModel.swift; sourceTree = "<group>"; };
		2B294DA328F7922D00F76609 /* Config.xcconfig */ = {isa = PBXFileReference; lastKnownFileType = text.xcconfig; path = Config.xcconfig; sourceTree = "<group>"; };
		2B370F6528FD9AB6000F4824 /* MapView.swift */ = {isa = PBXFileReference; lastKnownFileType = sourcecode.swift; path = MapView.swift; sourceTree = "<group>"; };
		2B370F6728FD9AC2000F4824 /* MapViewModel.swift */ = {isa = PBXFileReference; lastKnownFileType = sourcecode.swift; path = MapViewModel.swift; sourceTree = "<group>"; };
		2B59CFD128F76D93000DE884 /* Color+Extensions.swift */ = {isa = PBXFileReference; lastKnownFileType = sourcecode.swift; path = "Color+Extensions.swift"; sourceTree = "<group>"; };
		2B59CFD428F77086000DE884 /* Income.swift */ = {isa = PBXFileReference; lastKnownFileType = sourcecode.swift; path = Income.swift; sourceTree = "<group>"; };
		2B5FDB092909A8AF00B81DDE /* HapticsFeedbackView.swift */ = {isa = PBXFileReference; lastKnownFileType = sourcecode.swift; path = HapticsFeedbackView.swift; sourceTree = "<group>"; };
		2B7321632BA1C6A5007EB026 /* TestMovieFactory.swift */ = {isa = PBXFileReference; lastKnownFileType = sourcecode.swift; path = TestMovieFactory.swift; sourceTree = "<group>"; };
		2B7321662BA1C9F8007EB026 /* XCTestCase+Extensions.swift */ = {isa = PBXFileReference; lastKnownFileType = sourcecode.swift; path = "XCTestCase+Extensions.swift"; sourceTree = "<group>"; };
		2B7321682BA1D484007EB026 /* NetworkMock.swift */ = {isa = PBXFileReference; lastKnownFileType = sourcecode.swift; path = NetworkMock.swift; sourceTree = "<group>"; };
		2B73216D2BA22933007EB026 /* MockMovieDBRepository.swift */ = {isa = PBXFileReference; lastKnownFileType = sourcecode.swift; path = MockMovieDBRepository.swift; sourceTree = "<group>"; };
		2B7AE53028F353E200B09959 /* SwiftUI BaseHelper.app */ = {isa = PBXFileReference; explicitFileType = wrapper.application; includeInIndex = 0; path = "SwiftUI BaseHelper.app"; sourceTree = BUILT_PRODUCTS_DIR; };
		2B7AE53328F353E200B09959 /* SwiftUI_BaseHelperApp.swift */ = {isa = PBXFileReference; lastKnownFileType = sourcecode.swift; path = SwiftUI_BaseHelperApp.swift; sourceTree = "<group>"; };
		2B7AE53528F353E200B09959 /* MainView.swift */ = {isa = PBXFileReference; lastKnownFileType = sourcecode.swift; path = MainView.swift; sourceTree = "<group>"; };
		2B7AE53728F353E300B09959 /* Assets.xcassets */ = {isa = PBXFileReference; lastKnownFileType = folder.assetcatalog; path = Assets.xcassets; sourceTree = "<group>"; };
		2B7AE53A28F353E300B09959 /* Preview Assets.xcassets */ = {isa = PBXFileReference; lastKnownFileType = folder.assetcatalog; path = "Preview Assets.xcassets"; sourceTree = "<group>"; };
		2B7AE54128F3549E00B09959 /* BaseView.swift */ = {isa = PBXFileReference; lastKnownFileType = sourcecode.swift; path = BaseView.swift; sourceTree = "<group>"; };
		2B7AE54328F354AA00B09959 /* APIView.swift */ = {isa = PBXFileReference; lastKnownFileType = sourcecode.swift; path = APIView.swift; sourceTree = "<group>"; };
		2B7AE54C28F3598500B09959 /* LabelView.swift */ = {isa = PBXFileReference; lastKnownFileType = sourcecode.swift; path = LabelView.swift; sourceTree = "<group>"; };
		2B7AE54E28F35C5800B09959 /* TextFieldView.swift */ = {isa = PBXFileReference; lastKnownFileType = sourcecode.swift; path = TextFieldView.swift; sourceTree = "<group>"; };
		2B7AE55028F35D2700B09959 /* ActionAndSelectableView.swift */ = {isa = PBXFileReference; lastKnownFileType = sourcecode.swift; path = ActionAndSelectableView.swift; sourceTree = "<group>"; };
		2B7AE55228F35E2900B09959 /* ChartsView.swift */ = {isa = PBXFileReference; lastKnownFileType = sourcecode.swift; path = ChartsView.swift; sourceTree = "<group>"; };
		2B7AE55428F35E3800B09959 /* ViewModifiersView.swift */ = {isa = PBXFileReference; lastKnownFileType = sourcecode.swift; path = ViewModifiersView.swift; sourceTree = "<group>"; };
		2B8E8FEA2BA09F600079F8B2 /* DesignSystem */ = {isa = PBXFileReference; lastKnownFileType = wrapper; path = DesignSystem; sourceTree = "<group>"; };
		2B8E8FEE2BA0A8230079F8B2 /* Localizable.xcstrings */ = {isa = PBXFileReference; lastKnownFileType = text.json.xcstrings; path = Localizable.xcstrings; sourceTree = "<group>"; };
		2B8E902A2BA0EC600079F8B2 /* SwiftUI BaseHelperTests.xctest */ = {isa = PBXFileReference; explicitFileType = wrapper.cfbundle; includeInIndex = 0; path = "SwiftUI BaseHelperTests.xctest"; sourceTree = BUILT_PRODUCTS_DIR; };
		2B8E902C2BA0EC600079F8B2 /* MovieDBRepositoryTests.swift */ = {isa = PBXFileReference; lastKnownFileType = sourcecode.swift; path = MovieDBRepositoryTests.swift; sourceTree = "<group>"; };
		2B927C6E2B98985F000EA840 /* Encodable+Extensions.swift */ = {isa = PBXFileReference; lastKnownFileType = sourcecode.swift; path = "Encodable+Extensions.swift"; sourceTree = "<group>"; };
		2B927C742B9898CB000EA840 /* CoreNetworkProtocol.swift */ = {isa = PBXFileReference; fileEncoding = 4; lastKnownFileType = sourcecode.swift; path = CoreNetworkProtocol.swift; sourceTree = "<group>"; };
		2B927C772B9898CB000EA840 /* RequestInterceptor.swift */ = {isa = PBXFileReference; fileEncoding = 4; lastKnownFileType = sourcecode.swift; path = RequestInterceptor.swift; sourceTree = "<group>"; };
		2B927C782B9898CB000EA840 /* JSONInterceptor.swift */ = {isa = PBXFileReference; fileEncoding = 4; lastKnownFileType = sourcecode.swift; path = JSONInterceptor.swift; sourceTree = "<group>"; };
		2B927C7B2B9898CB000EA840 /* RequestResponse.swift */ = {isa = PBXFileReference; fileEncoding = 4; lastKnownFileType = sourcecode.swift; path = RequestResponse.swift; sourceTree = "<group>"; };
		2B927C7C2B9898CB000EA840 /* RequestEmptyResponse.swift */ = {isa = PBXFileReference; fileEncoding = 4; lastKnownFileType = sourcecode.swift; path = RequestEmptyResponse.swift; sourceTree = "<group>"; };
		2B927C7D2B9898CB000EA840 /* RestResponse.swift */ = {isa = PBXFileReference; fileEncoding = 4; lastKnownFileType = sourcecode.swift; path = RestResponse.swift; sourceTree = "<group>"; };
		2B927C7E2B9898CB000EA840 /* RequestError.swift */ = {isa = PBXFileReference; fileEncoding = 4; lastKnownFileType = sourcecode.swift; path = RequestError.swift; sourceTree = "<group>"; };
		2B927C802B9898CB000EA840 /* InterceptorBuilder.swift */ = {isa = PBXFileReference; fileEncoding = 4; lastKnownFileType = sourcecode.swift; path = InterceptorBuilder.swift; sourceTree = "<group>"; };
		2B927C812B9898CB000EA840 /* RequestBuilder.swift */ = {isa = PBXFileReference; fileEncoding = 4; lastKnownFileType = sourcecode.swift; path = RequestBuilder.swift; sourceTree = "<group>"; };
		2B927C822B9898CB000EA840 /* QueryBuilder.swift */ = {isa = PBXFileReference; fileEncoding = 4; lastKnownFileType = sourcecode.swift; path = QueryBuilder.swift; sourceTree = "<group>"; };
		2B927C832B9898CB000EA840 /* BodyBuilder.swift */ = {isa = PBXFileReference; fileEncoding = 4; lastKnownFileType = sourcecode.swift; path = BodyBuilder.swift; sourceTree = "<group>"; };
		2B927C882B9898CB000EA840 /* Endpoint.swift */ = {isa = PBXFileReference; fileEncoding = 4; lastKnownFileType = sourcecode.swift; path = Endpoint.swift; sourceTree = "<group>"; };
		2B927C892B9898CB000EA840 /* CoreNetwork.swift */ = {isa = PBXFileReference; fileEncoding = 4; lastKnownFileType = sourcecode.swift; path = CoreNetwork.swift; sourceTree = "<group>"; };
		2B927C8A2B9898CB000EA840 /* NetworkLogger.swift */ = {isa = PBXFileReference; fileEncoding = 4; lastKnownFileType = sourcecode.swift; path = NetworkLogger.swift; sourceTree = "<group>"; };
		2B927C9D2B98B5DC000EA840 /* String+Extensions.swift */ = {isa = PBXFileReference; lastKnownFileType = sourcecode.swift; path = "String+Extensions.swift"; sourceTree = "<group>"; };
		2B927CA02B98B6B2000EA840 /* DependencyFactoryWrappers.swift */ = {isa = PBXFileReference; lastKnownFileType = sourcecode.swift; path = DependencyFactoryWrappers.swift; sourceTree = "<group>"; };
		2B927CA22B98B6E4000EA840 /* DependencyFactory.swift */ = {isa = PBXFileReference; lastKnownFileType = sourcecode.swift; path = DependencyFactory.swift; sourceTree = "<group>"; };
		2B927CA52B98B8B9000EA840 /* Environment.swift */ = {isa = PBXFileReference; lastKnownFileType = sourcecode.swift; path = Environment.swift; sourceTree = "<group>"; };
		2B927CA72B98B8C4000EA840 /* EnvironmentProtocol.swift */ = {isa = PBXFileReference; lastKnownFileType = sourcecode.swift; path = EnvironmentProtocol.swift; sourceTree = "<group>"; };
		2B927CA92B98D14E000EA840 /* CoreModulesDependencies.swift */ = {isa = PBXFileReference; lastKnownFileType = sourcecode.swift; path = CoreModulesDependencies.swift; sourceTree = "<group>"; };
		2B927CAC2B98D16C000EA840 /* ModuleDependencies.swift */ = {isa = PBXFileReference; lastKnownFileType = sourcecode.swift; path = ModuleDependencies.swift; sourceTree = "<group>"; };
		2B927CAE2B98D1DC000EA840 /* DateFormatter+Extensions.swift */ = {isa = PBXFileReference; lastKnownFileType = sourcecode.swift; path = "DateFormatter+Extensions.swift"; sourceTree = "<group>"; };
		2B927CB02B98D21D000EA840 /* NetworkDependencies.swift */ = {isa = PBXFileReference; lastKnownFileType = sourcecode.swift; path = NetworkDependencies.swift; sourceTree = "<group>"; };
		2B927CB32B98D370000EA840 /* AppDependencies.swift */ = {isa = PBXFileReference; lastKnownFileType = sourcecode.swift; path = AppDependencies.swift; sourceTree = "<group>"; };
		2B927CBA2B98D718000EA840 /* MovieDBRepository.swift */ = {isa = PBXFileReference; lastKnownFileType = sourcecode.swift; path = MovieDBRepository.swift; sourceTree = "<group>"; };
		2B927CBC2B98D762000EA840 /* MovieDBRepositoryProtocol.swift */ = {isa = PBXFileReference; lastKnownFileType = sourcecode.swift; path = MovieDBRepositoryProtocol.swift; sourceTree = "<group>"; };
		2B927CBF2B98DC49000EA840 /* MovieDBEndpoint.swift */ = {isa = PBXFileReference; lastKnownFileType = sourcecode.swift; path = MovieDBEndpoint.swift; sourceTree = "<group>"; };
		2B927CC22B98FC07000EA840 /* RemoteMovie.swift */ = {isa = PBXFileReference; lastKnownFileType = sourcecode.swift; path = RemoteMovie.swift; sourceTree = "<group>"; };
		2B927CC52B98FE73000EA840 /* MovieMapper.swift */ = {isa = PBXFileReference; lastKnownFileType = sourcecode.swift; path = MovieMapper.swift; sourceTree = "<group>"; };
		2B927CC72B98FF67000EA840 /* ModelMapper.swift */ = {isa = PBXFileReference; lastKnownFileType = sourcecode.swift; path = ModelMapper.swift; sourceTree = "<group>"; };
		2B927CC92B99EF85000EA840 /* ResponseHandler.swift */ = {isa = PBXFileReference; lastKnownFileType = sourcecode.swift; path = ResponseHandler.swift; sourceTree = "<group>"; };
		2B927CCB2B99EFBF000EA840 /* NetworkRequestError.swift */ = {isa = PBXFileReference; lastKnownFileType = sourcecode.swift; path = NetworkRequestError.swift; sourceTree = "<group>"; };
		2B927CD02B9A15DE000EA840 /* HTTPVerb.swift */ = {isa = PBXFileReference; lastKnownFileType = sourcecode.swift; path = HTTPVerb.swift; sourceTree = "<group>"; };
		2B927CD72B9B9C4E000EA840 /* MovieDBDependencies.swift */ = {isa = PBXFileReference; lastKnownFileType = sourcecode.swift; path = MovieDBDependencies.swift; sourceTree = "<group>"; };
		2B927CD92B9BAD48000EA840 /* MovieDBInterceptor.swift */ = {isa = PBXFileReference; lastKnownFileType = sourcecode.swift; path = MovieDBInterceptor.swift; sourceTree = "<group>"; };
		2B98C3602902CB85001BCBEC /* SimpleLockScreenWidgetExtension.appex */ = {isa = PBXFileReference; explicitFileType = "wrapper.app-extension"; includeInIndex = 0; path = SimpleLockScreenWidgetExtension.appex; sourceTree = BUILT_PRODUCTS_DIR; };
		2B98C3622902CB85001BCBEC /* WidgetKit.framework */ = {isa = PBXFileReference; lastKnownFileType = wrapper.framework; name = WidgetKit.framework; path = System/Library/Frameworks/WidgetKit.framework; sourceTree = SDKROOT; };
		2B98C3642902CB85001BCBEC /* SwiftUI.framework */ = {isa = PBXFileReference; lastKnownFileType = wrapper.framework; name = SwiftUI.framework; path = System/Library/Frameworks/SwiftUI.framework; sourceTree = SDKROOT; };
		2B98C3672902CB85001BCBEC /* SimpleLockScreenWidget.swift */ = {isa = PBXFileReference; lastKnownFileType = sourcecode.swift; path = SimpleLockScreenWidget.swift; sourceTree = "<group>"; };
		2B98C3692902CB86001BCBEC /* Assets.xcassets */ = {isa = PBXFileReference; lastKnownFileType = folder.assetcatalog; path = Assets.xcassets; sourceTree = "<group>"; };
		2B98C36B2902CB86001BCBEC /* Info.plist */ = {isa = PBXFileReference; lastKnownFileType = text.plist.xml; path = Info.plist; sourceTree = "<group>"; };
		2BA2D729297091BD000273DB /* SettingsView.swift */ = {isa = PBXFileReference; lastKnownFileType = sourcecode.swift; path = SettingsView.swift; sourceTree = "<group>"; };
		2BAC0D7C299FB7C200CEB635 /* PresentSheetView.swift */ = {isa = PBXFileReference; lastKnownFileType = sourcecode.swift; path = PresentSheetView.swift; sourceTree = "<group>"; };
		2BB3EFA22900961400E31F94 /* SwiftUI-BaseHelper-Info.plist */ = {isa = PBXFileReference; fileEncoding = 4; lastKnownFileType = text.plist.xml; name = "SwiftUI-BaseHelper-Info.plist"; path = "SwiftUI BaseHelper/App/SwiftUI-BaseHelper-Info.plist"; sourceTree = SOURCE_ROOT; };
		2BF39FF22BADCFFE00A52AE9 /* SettingsViewModel.swift */ = {isa = PBXFileReference; lastKnownFileType = sourcecode.swift; path = SettingsViewModel.swift; sourceTree = "<group>"; };
		2BFB3F902BAB41B100E7217C /* Double+Extensions.swift */ = {isa = PBXFileReference; lastKnownFileType = sourcecode.swift; path = "Double+Extensions.swift"; sourceTree = "<group>"; };
		2BFF774728F3901F00936E01 /* View+Extensions.swift */ = {isa = PBXFileReference; lastKnownFileType = sourcecode.swift; path = "View+Extensions.swift"; sourceTree = "<group>"; };
		2BFF776428F47D8900936E01 /* BasicViewModifiers.swift */ = {isa = PBXFileReference; lastKnownFileType = sourcecode.swift; path = BasicViewModifiers.swift; sourceTree = "<group>"; };
/* End PBXFileReference section */

/* Begin PBXFrameworksBuildPhase section */
		2B7AE52D28F353E200B09959 /* Frameworks */ = {
			isa = PBXFrameworksBuildPhase;
			buildActionMask = 2147483647;
			files = (
				2B8E8FED2BA09FBD0079F8B2 /* DesignSystem in Frameworks */,
			);
			runOnlyForDeploymentPostprocessing = 0;
		};
		2B8E90272BA0EC600079F8B2 /* Frameworks */ = {
			isa = PBXFrameworksBuildPhase;
			buildActionMask = 2147483647;
			files = (
			);
			runOnlyForDeploymentPostprocessing = 0;
		};
		2B98C35D2902CB85001BCBEC /* Frameworks */ = {
			isa = PBXFrameworksBuildPhase;
			buildActionMask = 2147483647;
			files = (
				2B98C3652902CB85001BCBEC /* SwiftUI.framework in Frameworks */,
				2B98C3632902CB85001BCBEC /* WidgetKit.framework in Frameworks */,
			);
			runOnlyForDeploymentPostprocessing = 0;
		};
/* End PBXFrameworksBuildPhase section */

/* Begin PBXGroup section */
		2B164B2128F9E4C400FFFAD3 /* MovieDetailView */ = {
			isa = PBXGroup;
			children = (
				2B164B1D28F9DDE100FFFAD3 /* APIMovieDetailView.swift */,
				2B164B1F28F9E4BC00FFFAD3 /* APIDetailMovieViewModel.swift */,
			);
			path = MovieDetailView;
			sourceTree = "<group>";
		};
		2B294DA528F7967000F76609 /* Config */ = {
			isa = PBXGroup;
			children = (
				2B294DA328F7922D00F76609 /* Config.xcconfig */,
			);
			path = Config;
			sourceTree = "<group>";
		};
		2B370F6428FD9433000F4824 /* App */ = {
			isa = PBXGroup;
			children = (
				2B294DA528F7967000F76609 /* Config */,
				2B927CA42B98B8AF000EA840 /* Environment */,
				2BB3EFA22900961400E31F94 /* SwiftUI-BaseHelper-Info.plist */,
				2B7AE53328F353E200B09959 /* SwiftUI_BaseHelperApp.swift */,
				2B927CB32B98D370000EA840 /* AppDependencies.swift */,
			);
			path = App;
			sourceTree = "<group>";
		};
		2B370F6928FD9AC6000F4824 /* MapView */ = {
			isa = PBXGroup;
			children = (
				2B370F6528FD9AB6000F4824 /* MapView.swift */,
				2B370F6728FD9AC2000F4824 /* MapViewModel.swift */,
			);
			path = MapView;
			sourceTree = "<group>";
		};
		2B59CFD328F76FCA000DE884 /* Model */ = {
			isa = PBXGroup;
			children = (
				2B59CFD428F77086000DE884 /* Income.swift */,
				2B294D9F28F790F800F76609 /* Movie.swift */,
			);
			path = Model;
			sourceTree = "<group>";
		};
		2B59CFD628F77228000DE884 /* Core */ = {
			isa = PBXGroup;
			children = (
				2B927C9F2B98B6A3000EA840 /* Dependencies */,
				2BFF774928F3902500936E01 /* Extensions */,
				2B927C722B9898CB000EA840 /* Network */,
				2B8E8FEB2BA09F7A0079F8B2 /* Resources */,
				2BFF776628F47DA100936E01 /* ViewModifiers */,
			);
			path = Core;
			sourceTree = "<group>";
		};
		2B59CFD728F77271000DE884 /* Views */ = {
			isa = PBXGroup;
			children = (
				2B7AE53528F353E200B09959 /* MainView.swift */,
				2B7AE54828F3583500B09959 /* TabBar */,
			);
			path = Views;
			sourceTree = "<group>";
		};
		2B7321602BA1C66B007EB026 /* RepositoriesTests */ = {
			isa = PBXGroup;
			children = (
				2B8E902C2BA0EC600079F8B2 /* MovieDBRepositoryTests.swift */,
			);
			path = RepositoriesTests;
			sourceTree = "<group>";
		};
		2B7321612BA1C689007EB026 /* Helpers */ = {
			isa = PBXGroup;
			children = (
				2B73216A2BA22882007EB026 /* Mocks */,
				2B7321652BA1C9DA007EB026 /* Extensions */,
				2B7321622BA1C691007EB026 /* Factories */,
			);
			path = Helpers;
			sourceTree = "<group>";
		};
		2B7321622BA1C691007EB026 /* Factories */ = {
			isa = PBXGroup;
			children = (
				2B7321632BA1C6A5007EB026 /* TestMovieFactory.swift */,
			);
			path = Factories;
			sourceTree = "<group>";
		};
		2B7321652BA1C9DA007EB026 /* Extensions */ = {
			isa = PBXGroup;
			children = (
				2B7321662BA1C9F8007EB026 /* XCTestCase+Extensions.swift */,
			);
			path = Extensions;
			sourceTree = "<group>";
		};
		2B73216A2BA22882007EB026 /* Mocks */ = {
			isa = PBXGroup;
			children = (
				2B73216C2BA228A7007EB026 /* Repositories */,
				2B73216B2BA2289B007EB026 /* Network */,
			);
			path = Mocks;
			sourceTree = "<group>";
		};
		2B73216B2BA2289B007EB026 /* Network */ = {
			isa = PBXGroup;
			children = (
				2B7321682BA1D484007EB026 /* NetworkMock.swift */,
			);
			path = Network;
			sourceTree = "<group>";
		};
		2B73216C2BA228A7007EB026 /* Repositories */ = {
			isa = PBXGroup;
			children = (
				2B73216D2BA22933007EB026 /* MockMovieDBRepository.swift */,
			);
			path = Repositories;
			sourceTree = "<group>";
		};
		2B7AE52728F353E200B09959 = {
			isa = PBXGroup;
			children = (
				2B8E8FE82BA09EE50079F8B2 /* Packages */,
				2B7AE53228F353E200B09959 /* SwiftUI BaseHelper */,
				2B98C3662902CB85001BCBEC /* SimpleLockScreenWidget */,
				2B8E902B2BA0EC600079F8B2 /* SwiftUI BaseHelperTests */,
				2B98C3612902CB85001BCBEC /* Frameworks */,
				2B7AE53128F353E200B09959 /* Products */,
			);
			sourceTree = "<group>";
		};
		2B7AE53128F353E200B09959 /* Products */ = {
			isa = PBXGroup;
			children = (
				2B7AE53028F353E200B09959 /* SwiftUI BaseHelper.app */,
				2B98C3602902CB85001BCBEC /* SimpleLockScreenWidgetExtension.appex */,
				2B8E902A2BA0EC600079F8B2 /* SwiftUI BaseHelperTests.xctest */,
			);
			name = Products;
			sourceTree = "<group>";
		};
		2B7AE53228F353E200B09959 /* SwiftUI BaseHelper */ = {
			isa = PBXGroup;
			children = (
				2B370F6428FD9433000F4824 /* App */,
				2B59CFD628F77228000DE884 /* Core */,
				2B927CB62B98D6A9000EA840 /* Domain */,
				2B927CB52B98D692000EA840 /* Data */,
				2B59CFD728F77271000DE884 /* Views */,
				2B7AE53928F353E300B09959 /* Preview Content */,
			);
			path = "SwiftUI BaseHelper";
			sourceTree = "<group>";
		};
		2B7AE53928F353E300B09959 /* Preview Content */ = {
			isa = PBXGroup;
			children = (
				2B7AE53A28F353E300B09959 /* Preview Assets.xcassets */,
			);
			path = "Preview Content";
			sourceTree = "<group>";
		};
		2B7AE54828F3583500B09959 /* TabBar */ = {
			isa = PBXGroup;
			children = (
				2B7AE54928F3584600B09959 /* BaseView */,
				2B7AE54A28F3585500B09959 /* APIView */,
				2B370F6928FD9AC6000F4824 /* MapView */,
				2BA2D72B297091C3000273DB /* SettingsView */,
			);
			path = TabBar;
			sourceTree = "<group>";
		};
		2B7AE54928F3584600B09959 /* BaseView */ = {
			isa = PBXGroup;
			children = (
				2B7AE54128F3549E00B09959 /* BaseView.swift */,
				2B7AE54B28F3597600B09959 /* Sections */,
			);
			path = BaseView;
			sourceTree = "<group>";
		};
		2B7AE54A28F3585500B09959 /* APIView */ = {
			isa = PBXGroup;
			children = (
				2B927CB72B98D6BB000EA840 /* Views */,
			);
			path = APIView;
			sourceTree = "<group>";
		};
		2B7AE54B28F3597600B09959 /* Sections */ = {
			isa = PBXGroup;
			children = (
				2B7AE54C28F3598500B09959 /* LabelView.swift */,
				2B7AE54E28F35C5800B09959 /* TextFieldView.swift */,
				2B7AE55028F35D2700B09959 /* ActionAndSelectableView.swift */,
				2B7AE55228F35E2900B09959 /* ChartsView.swift */,
				2B7AE55428F35E3800B09959 /* ViewModifiersView.swift */,
				2B5FDB092909A8AF00B81DDE /* HapticsFeedbackView.swift */,
				2BAC0D7C299FB7C200CEB635 /* PresentSheetView.swift */,
			);
			path = Sections;
			sourceTree = "<group>";
		};
		2B8E8FE82BA09EE50079F8B2 /* Packages */ = {
			isa = PBXGroup;
			children = (
				2B8E8FEA2BA09F600079F8B2 /* DesignSystem */,
			);
			name = Packages;
			sourceTree = "<group>";
		};
		2B8E8FEB2BA09F7A0079F8B2 /* Resources */ = {
			isa = PBXGroup;
			children = (
				2B7AE53728F353E300B09959 /* Assets.xcassets */,
				2B8E8FEE2BA0A8230079F8B2 /* Localizable.xcstrings */,
			);
			path = Resources;
			sourceTree = "<group>";
		};
		2B8E902B2BA0EC600079F8B2 /* SwiftUI BaseHelperTests */ = {
			isa = PBXGroup;
			children = (
				2B7321612BA1C689007EB026 /* Helpers */,
				2B7321602BA1C66B007EB026 /* RepositoriesTests */,
			);
			path = "SwiftUI BaseHelperTests";
			sourceTree = "<group>";
		};
		2B927C722B9898CB000EA840 /* Network */ = {
			isa = PBXGroup;
			children = (
				2B927CD62B9B9C2F000EA840 /* Dependencies */,
				2B927CBE2B98DC3A000EA840 /* Endpoints */,
				2B927C732B9898CB000EA840 /* URLSession */,
				2B927CC72B98FF67000EA840 /* ModelMapper.swift */,
				2B927CC92B99EF85000EA840 /* ResponseHandler.swift */,
				2B927CCB2B99EFBF000EA840 /* NetworkRequestError.swift */,
			);
			path = Network;
			sourceTree = "<group>";
		};
		2B927C732B9898CB000EA840 /* URLSession */ = {
			isa = PBXGroup;
			children = (
				2B927C752B9898CB000EA840 /* Models */,
				2B927C742B9898CB000EA840 /* CoreNetworkProtocol.swift */,
				2B927C892B9898CB000EA840 /* CoreNetwork.swift */,
				2B927C8A2B9898CB000EA840 /* NetworkLogger.swift */,
			);
			path = URLSession;
			sourceTree = "<group>";
		};
		2B927C752B9898CB000EA840 /* Models */ = {
			isa = PBXGroup;
			children = (
				2B927C762B9898CB000EA840 /* Interceptors */,
				2B927C7A2B9898CB000EA840 /* Response */,
				2B927C7F2B9898CB000EA840 /* Builders */,
				2B927C862B9898CB000EA840 /* HTTP */,
				2B927C882B9898CB000EA840 /* Endpoint.swift */,
			);
			path = Models;
			sourceTree = "<group>";
		};
		2B927C762B9898CB000EA840 /* Interceptors */ = {
			isa = PBXGroup;
			children = (
				2B927C772B9898CB000EA840 /* RequestInterceptor.swift */,
				2B927C782B9898CB000EA840 /* JSONInterceptor.swift */,
				2B927CD92B9BAD48000EA840 /* MovieDBInterceptor.swift */,
			);
			path = Interceptors;
			sourceTree = "<group>";
		};
		2B927C7A2B9898CB000EA840 /* Response */ = {
			isa = PBXGroup;
			children = (
				2B927C7B2B9898CB000EA840 /* RequestResponse.swift */,
				2B927C7C2B9898CB000EA840 /* RequestEmptyResponse.swift */,
				2B927C7D2B9898CB000EA840 /* RestResponse.swift */,
				2B927C7E2B9898CB000EA840 /* RequestError.swift */,
			);
			path = Response;
			sourceTree = "<group>";
		};
		2B927C7F2B9898CB000EA840 /* Builders */ = {
			isa = PBXGroup;
			children = (
				2B927C802B9898CB000EA840 /* InterceptorBuilder.swift */,
				2B927C812B9898CB000EA840 /* RequestBuilder.swift */,
				2B927C822B9898CB000EA840 /* QueryBuilder.swift */,
				2B927C832B9898CB000EA840 /* BodyBuilder.swift */,
			);
			path = Builders;
			sourceTree = "<group>";
		};
		2B927C862B9898CB000EA840 /* HTTP */ = {
			isa = PBXGroup;
			children = (
				2B927CD02B9A15DE000EA840 /* HTTPVerb.swift */,
			);
			path = HTTP;
			sourceTree = "<group>";
		};
		2B927C9F2B98B6A3000EA840 /* Dependencies */ = {
			isa = PBXGroup;
			children = (
				2B927CB22B98D2E2000EA840 /* Factories */,
				2B927CAB2B98D163000EA840 /* Protocols */,
				2B927CA92B98D14E000EA840 /* CoreModulesDependencies.swift */,
				2B927CB02B98D21D000EA840 /* NetworkDependencies.swift */,
			);
			path = Dependencies;
			sourceTree = "<group>";
		};
		2B927CA42B98B8AF000EA840 /* Environment */ = {
			isa = PBXGroup;
			children = (
				2B927CA52B98B8B9000EA840 /* Environment.swift */,
				2B927CA72B98B8C4000EA840 /* EnvironmentProtocol.swift */,
			);
			path = Environment;
			sourceTree = "<group>";
		};
		2B927CAB2B98D163000EA840 /* Protocols */ = {
			isa = PBXGroup;
			children = (
				2B927CAC2B98D16C000EA840 /* ModuleDependencies.swift */,
			);
			path = Protocols;
			sourceTree = "<group>";
		};
		2B927CB22B98D2E2000EA840 /* Factories */ = {
			isa = PBXGroup;
			children = (
				2B927CA02B98B6B2000EA840 /* DependencyFactoryWrappers.swift */,
				2B927CA22B98B6E4000EA840 /* DependencyFactory.swift */,
			);
			path = Factories;
			sourceTree = "<group>";
		};
		2B927CB52B98D692000EA840 /* Data */ = {
			isa = PBXGroup;
			children = (
				2B927CC12B98FBFD000EA840 /* DTO */,
				2B927CC42B98FE5B000EA840 /* Mappers */,
				2B927CBA2B98D718000EA840 /* MovieDBRepository.swift */,
			);
			path = Data;
			sourceTree = "<group>";
		};
		2B927CB62B98D6A9000EA840 /* Domain */ = {
			isa = PBXGroup;
			children = (
				2B59CFD328F76FCA000DE884 /* Model */,
				2B927CB92B98D704000EA840 /* Protocols */,
			);
			path = Domain;
			sourceTree = "<group>";
		};
		2B927CB72B98D6BB000EA840 /* Views */ = {
			isa = PBXGroup;
			children = (
				2B927CB82B98D6C1000EA840 /* ApiView */,
				2B164B2128F9E4C400FFFAD3 /* MovieDetailView */,
			);
			path = Views;
			sourceTree = "<group>";
		};
		2B927CB82B98D6C1000EA840 /* ApiView */ = {
			isa = PBXGroup;
			children = (
				2B7AE54328F354AA00B09959 /* APIView.swift */,
				2B294DA128F7918200F76609 /* APIViewModel.swift */,
			);
			path = ApiView;
			sourceTree = "<group>";
		};
		2B927CB92B98D704000EA840 /* Protocols */ = {
			isa = PBXGroup;
			children = (
				2B927CBC2B98D762000EA840 /* MovieDBRepositoryProtocol.swift */,
			);
			path = Protocols;
			sourceTree = "<group>";
		};
		2B927CBE2B98DC3A000EA840 /* Endpoints */ = {
			isa = PBXGroup;
			children = (
				2B927CBF2B98DC49000EA840 /* MovieDBEndpoint.swift */,
			);
			path = Endpoints;
			sourceTree = "<group>";
		};
		2B927CC12B98FBFD000EA840 /* DTO */ = {
			isa = PBXGroup;
			children = (
				2B927CC22B98FC07000EA840 /* RemoteMovie.swift */,
			);
			path = DTO;
			sourceTree = "<group>";
		};
		2B927CC42B98FE5B000EA840 /* Mappers */ = {
			isa = PBXGroup;
			children = (
				2B927CC52B98FE73000EA840 /* MovieMapper.swift */,
			);
			path = Mappers;
			sourceTree = "<group>";
		};
		2B927CD62B9B9C2F000EA840 /* Dependencies */ = {
			isa = PBXGroup;
			children = (
				2B927CD72B9B9C4E000EA840 /* MovieDBDependencies.swift */,
			);
			path = Dependencies;
			sourceTree = "<group>";
		};
		2B98C3612902CB85001BCBEC /* Frameworks */ = {
			isa = PBXGroup;
			children = (
				2B98C3622902CB85001BCBEC /* WidgetKit.framework */,
				2B98C3642902CB85001BCBEC /* SwiftUI.framework */,
			);
			name = Frameworks;
			sourceTree = "<group>";
		};
		2B98C3662902CB85001BCBEC /* SimpleLockScreenWidget */ = {
			isa = PBXGroup;
			children = (
				2B98C3672902CB85001BCBEC /* SimpleLockScreenWidget.swift */,
				2B98C3692902CB86001BCBEC /* Assets.xcassets */,
				2B98C36B2902CB86001BCBEC /* Info.plist */,
			);
			path = SimpleLockScreenWidget;
			sourceTree = "<group>";
		};
		2BA2D72B297091C3000273DB /* SettingsView */ = {
			isa = PBXGroup;
			children = (
				2BA2D729297091BD000273DB /* SettingsView.swift */,
				2BF39FF22BADCFFE00A52AE9 /* SettingsViewModel.swift */,
			);
			path = SettingsView;
			sourceTree = "<group>";
		};
		2BFF774928F3902500936E01 /* Extensions */ = {
			isa = PBXGroup;
			children = (
				2BFF774728F3901F00936E01 /* View+Extensions.swift */,
				2B59CFD128F76D93000DE884 /* Color+Extensions.swift */,
				2B927C6E2B98985F000EA840 /* Encodable+Extensions.swift */,
				2B927C9D2B98B5DC000EA840 /* String+Extensions.swift */,
				2B927CAE2B98D1DC000EA840 /* DateFormatter+Extensions.swift */,
				2BFB3F902BAB41B100E7217C /* Double+Extensions.swift */,
			);
			path = Extensions;
			sourceTree = "<group>";
		};
		2BFF776628F47DA100936E01 /* ViewModifiers */ = {
			isa = PBXGroup;
			children = (
				2BFF776428F47D8900936E01 /* BasicViewModifiers.swift */,
			);
			path = ViewModifiers;
			sourceTree = "<group>";
		};
/* End PBXGroup section */

/* Begin PBXNativeTarget section */
		2B7AE52F28F353E200B09959 /* SwiftUI BaseHelper */ = {
			isa = PBXNativeTarget;
			buildConfigurationList = 2B7AE53E28F353E300B09959 /* Build configuration list for PBXNativeTarget "SwiftUI BaseHelper" */;
			buildPhases = (
				2B7AE52C28F353E200B09959 /* Sources */,
				2B7AE52D28F353E200B09959 /* Frameworks */,
				2B7AE52E28F353E200B09959 /* Resources */,
				2B98C36F2902CB86001BCBEC /* Embed Foundation Extensions */,
			);
			buildRules = (
			);
			dependencies = (
				2B98C36D2902CB86001BCBEC /* PBXTargetDependency */,
			);
			name = "SwiftUI BaseHelper";
			packageProductDependencies = (
				2B8E8FEC2BA09FBD0079F8B2 /* DesignSystem */,
			);
			productName = "SwiftUI BaseHelper";
			productReference = 2B7AE53028F353E200B09959 /* SwiftUI BaseHelper.app */;
			productType = "com.apple.product-type.application";
		};
		2B8E90292BA0EC600079F8B2 /* SwiftUI BaseHelperTests */ = {
			isa = PBXNativeTarget;
			buildConfigurationList = 2B8E90322BA0EC600079F8B2 /* Build configuration list for PBXNativeTarget "SwiftUI BaseHelperTests" */;
			buildPhases = (
				2B8E90262BA0EC600079F8B2 /* Sources */,
				2B8E90272BA0EC600079F8B2 /* Frameworks */,
				2B8E90282BA0EC600079F8B2 /* Resources */,
			);
			buildRules = (
			);
			dependencies = (
				2B8E902F2BA0EC600079F8B2 /* PBXTargetDependency */,
			);
			name = "SwiftUI BaseHelperTests";
			productName = "SwiftUI BaseHelperTests";
			productReference = 2B8E902A2BA0EC600079F8B2 /* SwiftUI BaseHelperTests.xctest */;
			productType = "com.apple.product-type.bundle.unit-test";
		};
		2B98C35F2902CB85001BCBEC /* SimpleLockScreenWidgetExtension */ = {
			isa = PBXNativeTarget;
			buildConfigurationList = 2B98C3722902CB86001BCBEC /* Build configuration list for PBXNativeTarget "SimpleLockScreenWidgetExtension" */;
			buildPhases = (
				2B98C35C2902CB85001BCBEC /* Sources */,
				2B98C35D2902CB85001BCBEC /* Frameworks */,
				2B98C35E2902CB85001BCBEC /* Resources */,
			);
			buildRules = (
			);
			dependencies = (
			);
			name = SimpleLockScreenWidgetExtension;
			productName = SimpleLockScreenWidgetExtension;
			productReference = 2B98C3602902CB85001BCBEC /* SimpleLockScreenWidgetExtension.appex */;
			productType = "com.apple.product-type.app-extension";
		};
/* End PBXNativeTarget section */

/* Begin PBXProject section */
		2B7AE52828F353E200B09959 /* Project object */ = {
			isa = PBXProject;
			attributes = {
				BuildIndependentTargetsInParallel = 1;
				LastSwiftUpdateCheck = 1530;
				LastUpgradeCheck = 1400;
				TargetAttributes = {
					2B7AE52F28F353E200B09959 = {
						CreatedOnToolsVersion = 14.0.1;
					};
					2B8E90292BA0EC600079F8B2 = {
						CreatedOnToolsVersion = 15.3;
						TestTargetID = 2B7AE52F28F353E200B09959;
					};
					2B98C35F2902CB85001BCBEC = {
						CreatedOnToolsVersion = 14.0.1;
					};
				};
			};
			buildConfigurationList = 2B7AE52B28F353E200B09959 /* Build configuration list for PBXProject "SwiftUI BaseHelper" */;
			compatibilityVersion = "Xcode 14.0";
			developmentRegion = en;
			hasScannedForEncodings = 0;
			knownRegions = (
				en,
				Base,
				"pt-BR",
			);
			mainGroup = 2B7AE52728F353E200B09959;
			productRefGroup = 2B7AE53128F353E200B09959 /* Products */;
			projectDirPath = "";
			projectRoot = "";
			targets = (
				2B7AE52F28F353E200B09959 /* SwiftUI BaseHelper */,
				2B98C35F2902CB85001BCBEC /* SimpleLockScreenWidgetExtension */,
				2B8E90292BA0EC600079F8B2 /* SwiftUI BaseHelperTests */,
			);
		};
/* End PBXProject section */

/* Begin PBXResourcesBuildPhase section */
		2B7AE52E28F353E200B09959 /* Resources */ = {
			isa = PBXResourcesBuildPhase;
			buildActionMask = 2147483647;
			files = (
				2B7AE53B28F353E300B09959 /* Preview Assets.xcassets in Resources */,
				2B7AE53828F353E300B09959 /* Assets.xcassets in Resources */,
				2B8E8FEF2BA0A8230079F8B2 /* Localizable.xcstrings in Resources */,
			);
			runOnlyForDeploymentPostprocessing = 0;
		};
		2B8E90282BA0EC600079F8B2 /* Resources */ = {
			isa = PBXResourcesBuildPhase;
			buildActionMask = 2147483647;
			files = (
			);
			runOnlyForDeploymentPostprocessing = 0;
		};
		2B98C35E2902CB85001BCBEC /* Resources */ = {
			isa = PBXResourcesBuildPhase;
			buildActionMask = 2147483647;
			files = (
				2B98C36A2902CB86001BCBEC /* Assets.xcassets in Resources */,
			);
			runOnlyForDeploymentPostprocessing = 0;
		};
/* End PBXResourcesBuildPhase section */

/* Begin PBXSourcesBuildPhase section */
		2B7AE52C28F353E200B09959 /* Sources */ = {
			isa = PBXSourcesBuildPhase;
			buildActionMask = 2147483647;
			files = (
				2B927C9C2B9898CB000EA840 /* NetworkLogger.swift in Sources */,
				2B927C922B9898CB000EA840 /* RequestError.swift in Sources */,
				2B59CFD528F77086000DE884 /* Income.swift in Sources */,
				2B7AE54228F3549E00B09959 /* BaseView.swift in Sources */,
				2B927CA62B98B8B9000EA840 /* Environment.swift in Sources */,
				2B5FDB0A2909A8AF00B81DDE /* HapticsFeedbackView.swift in Sources */,
				2B7AE54F28F35C5800B09959 /* TextFieldView.swift in Sources */,
				2B927C6F2B98985F000EA840 /* Encodable+Extensions.swift in Sources */,
				2B927C952B9898CB000EA840 /* QueryBuilder.swift in Sources */,
				2B294DA228F7918200F76609 /* APIViewModel.swift in Sources */,
				2BFF774828F3901F00936E01 /* View+Extensions.swift in Sources */,
				2BFB3F912BAB41B100E7217C /* Double+Extensions.swift in Sources */,
				2B927C912B9898CB000EA840 /* RestResponse.swift in Sources */,
				2B927C8F2B9898CB000EA840 /* RequestResponse.swift in Sources */,
				2BFF776528F47D8900936E01 /* BasicViewModifiers.swift in Sources */,
				2B294DA028F790F800F76609 /* Movie.swift in Sources */,
				2B927CAD2B98D16C000EA840 /* ModuleDependencies.swift in Sources */,
				2B7AE55128F35D2700B09959 /* ActionAndSelectableView.swift in Sources */,
				2B927C9E2B98B5DC000EA840 /* String+Extensions.swift in Sources */,
				2B7AE54428F354AA00B09959 /* APIView.swift in Sources */,
				2B927C902B9898CB000EA840 /* RequestEmptyResponse.swift in Sources */,
				2B927CA82B98B8C4000EA840 /* EnvironmentProtocol.swift in Sources */,
				2B927CAF2B98D1DC000EA840 /* DateFormatter+Extensions.swift in Sources */,
				2B927C932B9898CB000EA840 /* InterceptorBuilder.swift in Sources */,
				2B927CC62B98FE73000EA840 /* MovieMapper.swift in Sources */,
				2B59CFD228F76D93000DE884 /* Color+Extensions.swift in Sources */,
				2B370F6828FD9AC2000F4824 /* MapViewModel.swift in Sources */,
				2B164B1E28F9DDE100FFFAD3 /* APIMovieDetailView.swift in Sources */,
				2B927C8B2B9898CB000EA840 /* CoreNetworkProtocol.swift in Sources */,
				2B927C8D2B9898CB000EA840 /* JSONInterceptor.swift in Sources */,
				2B7AE55528F35E3800B09959 /* ViewModifiersView.swift in Sources */,
				2B927CD82B9B9C4E000EA840 /* MovieDBDependencies.swift in Sources */,
				2B927CBB2B98D718000EA840 /* MovieDBRepository.swift in Sources */,
				2B927CA12B98B6B2000EA840 /* DependencyFactoryWrappers.swift in Sources */,
				2B927CB12B98D21D000EA840 /* NetworkDependencies.swift in Sources */,
				2BF39FF32BADCFFE00A52AE9 /* SettingsViewModel.swift in Sources */,
				2B927C8C2B9898CB000EA840 /* RequestInterceptor.swift in Sources */,
				2B927CC32B98FC07000EA840 /* RemoteMovie.swift in Sources */,
				2B7AE53628F353E200B09959 /* MainView.swift in Sources */,
				2B7AE53428F353E200B09959 /* SwiftUI_BaseHelperApp.swift in Sources */,
				2B927CA32B98B6E4000EA840 /* DependencyFactory.swift in Sources */,
				2B370F6628FD9AB6000F4824 /* MapView.swift in Sources */,
				2B927C962B9898CB000EA840 /* BodyBuilder.swift in Sources */,
				2B927CCA2B99EF85000EA840 /* ResponseHandler.swift in Sources */,
				2B927CCC2B99EFBF000EA840 /* NetworkRequestError.swift in Sources */,
				2B164B2028F9E4BC00FFFAD3 /* APIDetailMovieViewModel.swift in Sources */,
				2B927CB42B98D370000EA840 /* AppDependencies.swift in Sources */,
				2B927C9A2B9898CB000EA840 /* Endpoint.swift in Sources */,
				2B927CDA2B9BAD48000EA840 /* MovieDBInterceptor.swift in Sources */,
				2B7AE54D28F3598500B09959 /* LabelView.swift in Sources */,
				2B7AE55328F35E2900B09959 /* ChartsView.swift in Sources */,
				2B927CC82B98FF67000EA840 /* ModelMapper.swift in Sources */,
				2B927CC02B98DC49000EA840 /* MovieDBEndpoint.swift in Sources */,
				2B927C9B2B9898CB000EA840 /* CoreNetwork.swift in Sources */,
				2BA2D72A297091BD000273DB /* SettingsView.swift in Sources */,
				2B927CBD2B98D762000EA840 /* MovieDBRepositoryProtocol.swift in Sources */,
				2B927CD12B9A15DE000EA840 /* HTTPVerb.swift in Sources */,
				2BAC0D7D299FB7C200CEB635 /* PresentSheetView.swift in Sources */,
				2B927CAA2B98D14E000EA840 /* CoreModulesDependencies.swift in Sources */,
				2B927C942B9898CB000EA840 /* RequestBuilder.swift in Sources */,
			);
			runOnlyForDeploymentPostprocessing = 0;
		};
		2B8E90262BA0EC600079F8B2 /* Sources */ = {
			isa = PBXSourcesBuildPhase;
			buildActionMask = 2147483647;
			files = (
				2B73216E2BA22933007EB026 /* MockMovieDBRepository.swift in Sources */,
				2B7321692BA1D484007EB026 /* NetworkMock.swift in Sources */,
				2B8E902D2BA0EC600079F8B2 /* MovieDBRepositoryTests.swift in Sources */,
				2B7321672BA1C9F8007EB026 /* XCTestCase+Extensions.swift in Sources */,
				2B7321642BA1C6A5007EB026 /* TestMovieFactory.swift in Sources */,
			);
			runOnlyForDeploymentPostprocessing = 0;
		};
		2B98C35C2902CB85001BCBEC /* Sources */ = {
			isa = PBXSourcesBuildPhase;
			buildActionMask = 2147483647;
			files = (
				2B98C3682902CB85001BCBEC /* SimpleLockScreenWidget.swift in Sources */,
			);
			runOnlyForDeploymentPostprocessing = 0;
		};
/* End PBXSourcesBuildPhase section */

/* Begin PBXTargetDependency section */
		2B8E902F2BA0EC600079F8B2 /* PBXTargetDependency */ = {
			isa = PBXTargetDependency;
			platformFilter = ios;
			target = 2B7AE52F28F353E200B09959 /* SwiftUI BaseHelper */;
			targetProxy = 2B8E902E2BA0EC600079F8B2 /* PBXContainerItemProxy */;
		};
		2B98C36D2902CB86001BCBEC /* PBXTargetDependency */ = {
			isa = PBXTargetDependency;
			target = 2B98C35F2902CB85001BCBEC /* SimpleLockScreenWidgetExtension */;
			targetProxy = 2B98C36C2902CB86001BCBEC /* PBXContainerItemProxy */;
		};
/* End PBXTargetDependency section */

/* Begin XCBuildConfiguration section */
		2B7AE53C28F353E300B09959 /* Debug */ = {
			isa = XCBuildConfiguration;
			buildSettings = {
				ALWAYS_SEARCH_USER_PATHS = NO;
				CLANG_ANALYZER_NONNULL = YES;
				CLANG_ANALYZER_NUMBER_OBJECT_CONVERSION = YES_AGGRESSIVE;
				CLANG_CXX_LANGUAGE_STANDARD = "gnu++20";
				CLANG_ENABLE_MODULES = YES;
				CLANG_ENABLE_OBJC_ARC = YES;
				CLANG_ENABLE_OBJC_WEAK = YES;
				CLANG_WARN_BLOCK_CAPTURE_AUTORELEASING = YES;
				CLANG_WARN_BOOL_CONVERSION = YES;
				CLANG_WARN_COMMA = YES;
				CLANG_WARN_CONSTANT_CONVERSION = YES;
				CLANG_WARN_DEPRECATED_OBJC_IMPLEMENTATIONS = YES;
				CLANG_WARN_DIRECT_OBJC_ISA_USAGE = YES_ERROR;
				CLANG_WARN_DOCUMENTATION_COMMENTS = YES;
				CLANG_WARN_EMPTY_BODY = YES;
				CLANG_WARN_ENUM_CONVERSION = YES;
				CLANG_WARN_INFINITE_RECURSION = YES;
				CLANG_WARN_INT_CONVERSION = YES;
				CLANG_WARN_NON_LITERAL_NULL_CONVERSION = YES;
				CLANG_WARN_OBJC_IMPLICIT_RETAIN_SELF = YES;
				CLANG_WARN_OBJC_LITERAL_CONVERSION = YES;
				CLANG_WARN_OBJC_ROOT_CLASS = YES_ERROR;
				CLANG_WARN_QUOTED_INCLUDE_IN_FRAMEWORK_HEADER = YES;
				CLANG_WARN_RANGE_LOOP_ANALYSIS = YES;
				CLANG_WARN_STRICT_PROTOTYPES = YES;
				CLANG_WARN_SUSPICIOUS_MOVE = YES;
				CLANG_WARN_UNGUARDED_AVAILABILITY = YES_AGGRESSIVE;
				CLANG_WARN_UNREACHABLE_CODE = YES;
				CLANG_WARN__DUPLICATE_METHOD_MATCH = YES;
				COPY_PHASE_STRIP = NO;
				DEBUG_INFORMATION_FORMAT = dwarf;
				ENABLE_STRICT_OBJC_MSGSEND = YES;
				ENABLE_TESTABILITY = YES;
				GCC_C_LANGUAGE_STANDARD = gnu11;
				GCC_DYNAMIC_NO_PIC = NO;
				GCC_NO_COMMON_BLOCKS = YES;
				GCC_OPTIMIZATION_LEVEL = 0;
				GCC_PREPROCESSOR_DEFINITIONS = (
					"DEBUG=1",
					"$(inherited)",
				);
				GCC_WARN_64_TO_32_BIT_CONVERSION = YES;
				GCC_WARN_ABOUT_RETURN_TYPE = YES_ERROR;
				GCC_WARN_UNDECLARED_SELECTOR = YES;
				GCC_WARN_UNINITIALIZED_AUTOS = YES_AGGRESSIVE;
				GCC_WARN_UNUSED_FUNCTION = YES;
				GCC_WARN_UNUSED_VARIABLE = YES;
				IPHONEOS_DEPLOYMENT_TARGET = 17.0;
				MTL_ENABLE_DEBUG_INFO = INCLUDE_SOURCE;
				MTL_FAST_MATH = YES;
				ONLY_ACTIVE_ARCH = YES;
				SDKROOT = iphoneos;
				SWIFT_ACTIVE_COMPILATION_CONDITIONS = DEBUG;
				SWIFT_OPTIMIZATION_LEVEL = "-Onone";
			};
			name = Debug;
		};
		2B7AE53D28F353E300B09959 /* Release */ = {
			isa = XCBuildConfiguration;
			buildSettings = {
				ALWAYS_SEARCH_USER_PATHS = NO;
				CLANG_ANALYZER_NONNULL = YES;
				CLANG_ANALYZER_NUMBER_OBJECT_CONVERSION = YES_AGGRESSIVE;
				CLANG_CXX_LANGUAGE_STANDARD = "gnu++20";
				CLANG_ENABLE_MODULES = YES;
				CLANG_ENABLE_OBJC_ARC = YES;
				CLANG_ENABLE_OBJC_WEAK = YES;
				CLANG_WARN_BLOCK_CAPTURE_AUTORELEASING = YES;
				CLANG_WARN_BOOL_CONVERSION = YES;
				CLANG_WARN_COMMA = YES;
				CLANG_WARN_CONSTANT_CONVERSION = YES;
				CLANG_WARN_DEPRECATED_OBJC_IMPLEMENTATIONS = YES;
				CLANG_WARN_DIRECT_OBJC_ISA_USAGE = YES_ERROR;
				CLANG_WARN_DOCUMENTATION_COMMENTS = YES;
				CLANG_WARN_EMPTY_BODY = YES;
				CLANG_WARN_ENUM_CONVERSION = YES;
				CLANG_WARN_INFINITE_RECURSION = YES;
				CLANG_WARN_INT_CONVERSION = YES;
				CLANG_WARN_NON_LITERAL_NULL_CONVERSION = YES;
				CLANG_WARN_OBJC_IMPLICIT_RETAIN_SELF = YES;
				CLANG_WARN_OBJC_LITERAL_CONVERSION = YES;
				CLANG_WARN_OBJC_ROOT_CLASS = YES_ERROR;
				CLANG_WARN_QUOTED_INCLUDE_IN_FRAMEWORK_HEADER = YES;
				CLANG_WARN_RANGE_LOOP_ANALYSIS = YES;
				CLANG_WARN_STRICT_PROTOTYPES = YES;
				CLANG_WARN_SUSPICIOUS_MOVE = YES;
				CLANG_WARN_UNGUARDED_AVAILABILITY = YES_AGGRESSIVE;
				CLANG_WARN_UNREACHABLE_CODE = YES;
				CLANG_WARN__DUPLICATE_METHOD_MATCH = YES;
				COPY_PHASE_STRIP = NO;
				DEBUG_INFORMATION_FORMAT = "dwarf-with-dsym";
				ENABLE_NS_ASSERTIONS = NO;
				ENABLE_STRICT_OBJC_MSGSEND = YES;
				GCC_C_LANGUAGE_STANDARD = gnu11;
				GCC_NO_COMMON_BLOCKS = YES;
				GCC_WARN_64_TO_32_BIT_CONVERSION = YES;
				GCC_WARN_ABOUT_RETURN_TYPE = YES_ERROR;
				GCC_WARN_UNDECLARED_SELECTOR = YES;
				GCC_WARN_UNINITIALIZED_AUTOS = YES_AGGRESSIVE;
				GCC_WARN_UNUSED_FUNCTION = YES;
				GCC_WARN_UNUSED_VARIABLE = YES;
				IPHONEOS_DEPLOYMENT_TARGET = 17.0;
				MTL_ENABLE_DEBUG_INFO = NO;
				MTL_FAST_MATH = YES;
				SDKROOT = iphoneos;
				SWIFT_COMPILATION_MODE = wholemodule;
				SWIFT_OPTIMIZATION_LEVEL = "-O";
				VALIDATE_PRODUCT = YES;
			};
			name = Release;
		};
		2B7AE53F28F353E300B09959 /* Debug */ = {
			isa = XCBuildConfiguration;
			baseConfigurationReference = 2B294DA328F7922D00F76609 /* Config.xcconfig */;
			buildSettings = {
				ALWAYS_EMBED_SWIFT_STANDARD_LIBRARIES = YES;
				ASSETCATALOG_COMPILER_APPICON_NAME = AppIcon;
				ASSETCATALOG_COMPILER_GLOBAL_ACCENT_COLOR_NAME = AccentColor;
				CODE_SIGN_STYLE = Automatic;
				CURRENT_PROJECT_VERSION = 1;
				DEVELOPMENT_ASSET_PATHS = "\"SwiftUI BaseHelper/Preview Content\"";
				DEVELOPMENT_TEAM = FFF4SAWD62;
				ENABLE_PREVIEWS = YES;
				GENERATE_INFOPLIST_FILE = YES;
				INFOPLIST_FILE = "SwiftUI BaseHelper/App/SwiftUI-BaseHelper-Info.plist";
				INFOPLIST_KEY_CFBundleDisplayName = "";
				INFOPLIST_KEY_LSApplicationCategoryType = "";
				INFOPLIST_KEY_NSLocationWhenInUseUsageDescription = "This app require share location.";
				INFOPLIST_KEY_UIApplicationSceneManifest_Generation = YES;
				INFOPLIST_KEY_UIApplicationSupportsIndirectInputEvents = YES;
				INFOPLIST_KEY_UILaunchScreen_Generation = YES;
				INFOPLIST_KEY_UISupportedInterfaceOrientations = UIInterfaceOrientationPortrait;
				INFOPLIST_KEY_UISupportedInterfaceOrientations_iPad = "UIInterfaceOrientationLandscapeLeft UIInterfaceOrientationLandscapeRight UIInterfaceOrientationPortrait UIInterfaceOrientationPortraitUpsideDown";
				IPHONEOS_DEPLOYMENT_TARGET = 17.0;
				LD_RUNPATH_SEARCH_PATHS = (
					"$(inherited)",
					"@executable_path/Frameworks",
				);
				MARKETING_VERSION = 1.0;
				PRODUCT_BUNDLE_IDENTIFIER = "Okido.SwiftUI-BaseHelper";
				PRODUCT_NAME = "$(TARGET_NAME)";
				SUPPORTED_PLATFORMS = "iphoneos iphonesimulator";
				SUPPORTS_MACCATALYST = NO;
				SUPPORTS_XR_DESIGNED_FOR_IPHONE_IPAD = NO;
				SWIFT_EMIT_LOC_STRINGS = YES;
				SWIFT_VERSION = 5.0;
				TARGETED_DEVICE_FAMILY = 1;
			};
			name = Debug;
		};
		2B7AE54028F353E300B09959 /* Release */ = {
			isa = XCBuildConfiguration;
			baseConfigurationReference = 2B294DA328F7922D00F76609 /* Config.xcconfig */;
			buildSettings = {
				ALWAYS_EMBED_SWIFT_STANDARD_LIBRARIES = YES;
				ASSETCATALOG_COMPILER_APPICON_NAME = AppIcon;
				ASSETCATALOG_COMPILER_GLOBAL_ACCENT_COLOR_NAME = AccentColor;
				CODE_SIGN_STYLE = Automatic;
				CURRENT_PROJECT_VERSION = 1;
				DEVELOPMENT_ASSET_PATHS = "\"SwiftUI BaseHelper/Preview Content\"";
				DEVELOPMENT_TEAM = FFF4SAWD62;
				ENABLE_PREVIEWS = YES;
				GENERATE_INFOPLIST_FILE = YES;
				INFOPLIST_FILE = "SwiftUI BaseHelper/App/SwiftUI-BaseHelper-Info.plist";
				INFOPLIST_KEY_CFBundleDisplayName = "";
				INFOPLIST_KEY_LSApplicationCategoryType = "";
				INFOPLIST_KEY_NSLocationWhenInUseUsageDescription = "This app require share location.";
				INFOPLIST_KEY_UIApplicationSceneManifest_Generation = YES;
				INFOPLIST_KEY_UIApplicationSupportsIndirectInputEvents = YES;
				INFOPLIST_KEY_UILaunchScreen_Generation = YES;
				INFOPLIST_KEY_UISupportedInterfaceOrientations = UIInterfaceOrientationPortrait;
				INFOPLIST_KEY_UISupportedInterfaceOrientations_iPad = "UIInterfaceOrientationLandscapeLeft UIInterfaceOrientationLandscapeRight UIInterfaceOrientationPortrait UIInterfaceOrientationPortraitUpsideDown";
				IPHONEOS_DEPLOYMENT_TARGET = 17.0;
				LD_RUNPATH_SEARCH_PATHS = (
					"$(inherited)",
					"@executable_path/Frameworks",
				);
				MARKETING_VERSION = 1.0;
				PRODUCT_BUNDLE_IDENTIFIER = "Okido.SwiftUI-BaseHelper";
				PRODUCT_NAME = "$(TARGET_NAME)";
				SUPPORTED_PLATFORMS = "iphoneos iphonesimulator";
				SUPPORTS_MACCATALYST = NO;
				SUPPORTS_XR_DESIGNED_FOR_IPHONE_IPAD = NO;
				SWIFT_EMIT_LOC_STRINGS = YES;
				SWIFT_VERSION = 5.0;
				TARGETED_DEVICE_FAMILY = 1;
			};
			name = Release;
		};
		2B8E90302BA0EC600079F8B2 /* Debug */ = {
			isa = XCBuildConfiguration;
			buildSettings = {
				ASSETCATALOG_COMPILER_GENERATE_SWIFT_ASSET_SYMBOL_EXTENSIONS = YES;
				BUNDLE_LOADER = "$(TEST_HOST)";
				CODE_SIGN_STYLE = Automatic;
				CURRENT_PROJECT_VERSION = 1;
				DEVELOPMENT_TEAM = CFF4MPQ8FV;
				ENABLE_USER_SCRIPT_SANDBOXING = YES;
				GCC_C_LANGUAGE_STANDARD = gnu17;
				GENERATE_INFOPLIST_FILE = YES;
				IPHONEOS_DEPLOYMENT_TARGET = 17.0;
				LOCALIZATION_PREFERS_STRING_CATALOGS = YES;
				MARKETING_VERSION = 1.0;
				PRODUCT_BUNDLE_IDENTIFIER = "okido.SwiftUI-BaseHelperTests";
				PRODUCT_NAME = "$(TARGET_NAME)";
				SUPPORTED_PLATFORMS = "iphoneos iphonesimulator";
				SUPPORTS_MACCATALYST = NO;
				SUPPORTS_MAC_DESIGNED_FOR_IPHONE_IPAD = NO;
				SUPPORTS_XR_DESIGNED_FOR_IPHONE_IPAD = NO;
				SWIFT_ACTIVE_COMPILATION_CONDITIONS = "DEBUG $(inherited)";
				SWIFT_EMIT_LOC_STRINGS = NO;
				SWIFT_VERSION = 5.0;
				TARGETED_DEVICE_FAMILY = 1;
				TEST_HOST = "$(BUILT_PRODUCTS_DIR)/SwiftUI BaseHelper.app/$(BUNDLE_EXECUTABLE_FOLDER_PATH)/SwiftUI BaseHelper";
			};
			name = Debug;
		};
		2B8E90312BA0EC600079F8B2 /* Release */ = {
			isa = XCBuildConfiguration;
			buildSettings = {
				ASSETCATALOG_COMPILER_GENERATE_SWIFT_ASSET_SYMBOL_EXTENSIONS = YES;
				BUNDLE_LOADER = "$(TEST_HOST)";
				CODE_SIGN_STYLE = Automatic;
				CURRENT_PROJECT_VERSION = 1;
				DEVELOPMENT_TEAM = CFF4MPQ8FV;
				ENABLE_USER_SCRIPT_SANDBOXING = YES;
				GCC_C_LANGUAGE_STANDARD = gnu17;
				GENERATE_INFOPLIST_FILE = YES;
				IPHONEOS_DEPLOYMENT_TARGET = 17.0;
				LOCALIZATION_PREFERS_STRING_CATALOGS = YES;
				MARKETING_VERSION = 1.0;
				PRODUCT_BUNDLE_IDENTIFIER = "okido.SwiftUI-BaseHelperTests";
				PRODUCT_NAME = "$(TARGET_NAME)";
				SUPPORTED_PLATFORMS = "iphoneos iphonesimulator";
				SUPPORTS_MACCATALYST = NO;
				SUPPORTS_MAC_DESIGNED_FOR_IPHONE_IPAD = NO;
				SUPPORTS_XR_DESIGNED_FOR_IPHONE_IPAD = NO;
				SWIFT_EMIT_LOC_STRINGS = NO;
				SWIFT_VERSION = 5.0;
				TARGETED_DEVICE_FAMILY = 1;
				TEST_HOST = "$(BUILT_PRODUCTS_DIR)/SwiftUI BaseHelper.app/$(BUNDLE_EXECUTABLE_FOLDER_PATH)/SwiftUI BaseHelper";
			};
			name = Release;
		};
		2B98C3702902CB86001BCBEC /* Debug */ = {
			isa = XCBuildConfiguration;
			buildSettings = {
				ASSETCATALOG_COMPILER_GLOBAL_ACCENT_COLOR_NAME = AccentColor;
				ASSETCATALOG_COMPILER_WIDGET_BACKGROUND_COLOR_NAME = WidgetBackground;
				CODE_SIGN_STYLE = Automatic;
				CURRENT_PROJECT_VERSION = 1;
				DEVELOPMENT_TEAM = 896VMXCQU5;
				GENERATE_INFOPLIST_FILE = YES;
				INFOPLIST_FILE = SimpleLockScreenWidget/Info.plist;
				INFOPLIST_KEY_CFBundleDisplayName = SimpleLockScreenWidget;
				INFOPLIST_KEY_NSHumanReadableCopyright = "";
				LD_RUNPATH_SEARCH_PATHS = (
					"$(inherited)",
					"@executable_path/Frameworks",
					"@executable_path/../../Frameworks",
				);
				MARKETING_VERSION = 1.0;
				PRODUCT_BUNDLE_IDENTIFIER = "Okido.SwiftUI-BaseHelper.SimpleLockScreenWidget";
				PRODUCT_NAME = "$(TARGET_NAME)";
				SKIP_INSTALL = YES;
				SUPPORTED_PLATFORMS = "iphoneos iphonesimulator";
				SUPPORTS_MACCATALYST = NO;
				SUPPORTS_XR_DESIGNED_FOR_IPHONE_IPAD = NO;
				SWIFT_EMIT_LOC_STRINGS = YES;
				SWIFT_VERSION = 5.0;
				TARGETED_DEVICE_FAMILY = 1;
			};
			name = Debug;
		};
		2B98C3712902CB86001BCBEC /* Release */ = {
			isa = XCBuildConfiguration;
			buildSettings = {
				ASSETCATALOG_COMPILER_GLOBAL_ACCENT_COLOR_NAME = AccentColor;
				ASSETCATALOG_COMPILER_WIDGET_BACKGROUND_COLOR_NAME = WidgetBackground;
				CODE_SIGN_STYLE = Automatic;
				CURRENT_PROJECT_VERSION = 1;
				DEVELOPMENT_TEAM = 896VMXCQU5;
				GENERATE_INFOPLIST_FILE = YES;
				INFOPLIST_FILE = SimpleLockScreenWidget/Info.plist;
				INFOPLIST_KEY_CFBundleDisplayName = SimpleLockScreenWidget;
				INFOPLIST_KEY_NSHumanReadableCopyright = "";
				LD_RUNPATH_SEARCH_PATHS = (
					"$(inherited)",
					"@executable_path/Frameworks",
					"@executable_path/../../Frameworks",
				);
				MARKETING_VERSION = 1.0;
				PRODUCT_BUNDLE_IDENTIFIER = "Okido.SwiftUI-BaseHelper.SimpleLockScreenWidget";
				PRODUCT_NAME = "$(TARGET_NAME)";
				SKIP_INSTALL = YES;
				SUPPORTED_PLATFORMS = "iphoneos iphonesimulator";
				SUPPORTS_MACCATALYST = NO;
				SUPPORTS_XR_DESIGNED_FOR_IPHONE_IPAD = NO;
				SWIFT_EMIT_LOC_STRINGS = YES;
				SWIFT_VERSION = 5.0;
				TARGETED_DEVICE_FAMILY = 1;
			};
			name = Release;
		};
/* End XCBuildConfiguration section */

/* Begin XCConfigurationList section */
		2B7AE52B28F353E200B09959 /* Build configuration list for PBXProject "SwiftUI BaseHelper" */ = {
			isa = XCConfigurationList;
			buildConfigurations = (
				2B7AE53C28F353E300B09959 /* Debug */,
				2B7AE53D28F353E300B09959 /* Release */,
			);
			defaultConfigurationIsVisible = 0;
			defaultConfigurationName = Release;
		};
		2B7AE53E28F353E300B09959 /* Build configuration list for PBXNativeTarget "SwiftUI BaseHelper" */ = {
			isa = XCConfigurationList;
			buildConfigurations = (
				2B7AE53F28F353E300B09959 /* Debug */,
				2B7AE54028F353E300B09959 /* Release */,
			);
			defaultConfigurationIsVisible = 0;
			defaultConfigurationName = Release;
		};
		2B8E90322BA0EC600079F8B2 /* Build configuration list for PBXNativeTarget "SwiftUI BaseHelperTests" */ = {
			isa = XCConfigurationList;
			buildConfigurations = (
				2B8E90302BA0EC600079F8B2 /* Debug */,
				2B8E90312BA0EC600079F8B2 /* Release */,
			);
			defaultConfigurationIsVisible = 0;
			defaultConfigurationName = Release;
		};
		2B98C3722902CB86001BCBEC /* Build configuration list for PBXNativeTarget "SimpleLockScreenWidgetExtension" */ = {
			isa = XCConfigurationList;
			buildConfigurations = (
				2B98C3702902CB86001BCBEC /* Debug */,
				2B98C3712902CB86001BCBEC /* Release */,
			);
			defaultConfigurationIsVisible = 0;
			defaultConfigurationName = Release;
		};
/* End XCConfigurationList section */

/* Begin XCSwiftPackageProductDependency section */
		2B8E8FEC2BA09FBD0079F8B2 /* DesignSystem */ = {
			isa = XCSwiftPackageProductDependency;
			productName = DesignSystem;
		};
/* End XCSwiftPackageProductDependency section */
	};
	rootObject = 2B7AE52828F353E200B09959 /* Project object */;
}
